{
  "version": 4,
  "terraform_version": "1.12.2",
  "serial": 1332,
  "lineage": "bbc0b026-e31b-ed8a-5a21-b867097365f8",
  "outputs": {},
  "resources": [
    {
      "mode": "data",
      "type": "aws_caller_identity",
      "name": "current",
      "provider": "provider[\"registry.terraform.io/hashicorp/aws\"]",
      "instances": [
        {
          "schema_version": 0,
          "attributes": {
            "account_id": "031645893440",
            "arn": "arn:aws:iam::031645893440:user/mopic",
            "id": "031645893440",
            "user_id": "AIDAQOXR6ANAMZA2XQ2WP"
          },
          "sensitive_attributes": [],
          "identity_schema_version": 0
        }
      ]
    },
    {
      "mode": "data",
      "type": "aws_eks_cluster",
      "name": "mopic_k8s",
      "provider": "provider[\"registry.terraform.io/hashicorp/aws\"]",
      "instances": [
        {
          "schema_version": 0,
          "attributes": {
            "access_config": [
              {
                "authentication_mode": "API_AND_CONFIG_MAP",
                "bootstrap_cluster_creator_admin_permissions": true
              }
            ],
            "arn": "arn:aws:eks:ap-southeast-1:031645893440:cluster/mopic_k8s",
            "certificate_authority": [
              {
                "data": "LS0tLS1CRUdJTiBDRVJUSUZJQ0FURS0tLS0tCk1JSURCVENDQWUyZ0F3SUJBZ0lJR3RPMWdNaXVmQ1l3RFFZSktvWklodmNOQVFFTEJRQXdGVEVUTUJFR0ExVUUKQXhNS2EzVmlaWEp1WlhSbGN6QWVGdzB5TlRBM01ESXhNelE0TkRoYUZ3MHpOVEEyTXpBeE16VXpORGhhTUJVeApFekFSQmdOVkJBTVRDbXQxWW1WeWJtVjBaWE13Z2dFaU1BMEdDU3FHU0liM0RRRUJBUVVBQTRJQkR3QXdnZ0VLCkFvSUJBUURabkZGbm1uUmZQR0NyWFJHaDRHNUZWQUxiRlpIQUxGYWVZd0dwdEQyR1IxQjZheEpGNUYxMWlvcXQKYnBMV3VRSVFNTDBnb3ZmTHJQRmJoYVBuOHRmdWZFVGl1a0F3M0NNRnl1Q3lBVVR1UndKZ0p4OW1RVUFOZXUrYwpIVG1VcXhmcEFmODhITERmUS8xR0dtZWxjN1FyRCtSczZvSW1icmgvY1AwUE5sU3ZZb2RjSmJ1WlYvdEJ0RUhUCmNGQ2d4c05lVHYrREpMRU5OcEk4SGRLU0RUcm9GVDNKenZKOHlKbGlxSTlDUFh5SDdvSStxQkRreGd3Z1R1VUEKVXkwcTZOZVphSjdQWXJQT1ZFVGxVeVRLR25FTVA2YWh4clFWZHlqSmlJUm5kWDFrNGRVNGV0MlQ5UkozYWZucQorbTNldHJoZUtaL1NLbDNObDdFME1zZ1lmMnVGQWdNQkFBR2pXVEJYTUE0R0ExVWREd0VCL3dRRUF3SUNwREFQCkJnTlZIUk1CQWY4RUJUQURBUUgvTUIwR0ExVWREZ1FXQkJSeXBoUmF2bHBDclZhcDQ1aC9jNDlocnBDRmxUQVYKQmdOVkhSRUVEakFNZ2dwcmRXSmxjbTVsZEdWek1BMEdDU3FHU0liM0RRRUJDd1VBQTRJQkFRREdSRUJ2dlg1VApaREJxbmZoZ3Nkckg3dzAwZUZYZ1NIUzJCMjRYdzRZUzBSc0ZOZXdiOHE2RjVRNjB3ek5haXEzbW4yQzE5OVgzCnNUYXJWeGpiNTBmbmZyQThVcWxrNHpUM2pGSC9yOEsyZlJIWmViRU1veTBaaUVzNmVJbVFVWU5KVDVhSUFsQW0KN2MxNnJFWlU4R01kS2gvY2ljMEp6Q01CckNrYjFjUWdGbHRsUkk4Mmw1THg3MjVWRWVoQlZwdlB5WkxGaEgycQpIWDAweDFRendsM2tVQ3lRN2NtMy8xb0JCeHg0YXNzdTNmVEZNZllhZFB4bnl6SVl6bGU0bEE2RXczbklnajU1CmNHLzZ4OXNtNzhJbkF4V1dBbXE4dnR4OWhwbzNLME5CYitwY2x4VTZzVFQ1OGFDSG5oMUUwR2x2MHArd3B6NTkKZ2dBcWJMKzZwU294Ci0tLS0tRU5EIENFUlRJRklDQVRFLS0tLS0K"
              }
            ],
            "cluster_id": null,
            "compute_config": [
              {
                "enabled": true,
                "node_pools": [
                  "general-purpose",
                  "system"
                ],
                "node_role_arn": "arn:aws:iam::031645893440:role/mopic_k8s_node"
              }
            ],
            "created_at": "2025-07-02T13:49:39Z",
            "enabled_cluster_log_types": [],
            "endpoint": "https://9B42CF34DCED4377D450C68A25C879DF.gr7.ap-southeast-1.eks.amazonaws.com",
            "id": "mopic_k8s",
            "identity": [
              {
                "oidc": [
                  {
                    "issuer": "https://oidc.eks.ap-southeast-1.amazonaws.com/id/9B42CF34DCED4377D450C68A25C879DF"
                  }
                ]
              }
            ],
            "kubernetes_network_config": [
              {
                "elastic_load_balancing": [
                  {
                    "enabled": true
                  }
                ],
                "ip_family": "ipv4",
                "service_ipv4_cidr": "10.100.0.0/16",
                "service_ipv6_cidr": ""
              }
            ],
            "name": "mopic_k8s",
            "outpost_config": [],
            "platform_version": "eks.13",
            "region": "ap-southeast-1",
            "remote_network_config": [],
            "role_arn": "arn:aws:iam::031645893440:role/mopic_k8s_cluster",
            "status": "ACTIVE",
            "storage_config": [
              {
                "block_storage": [
                  {
                    "enabled": true
                  }
                ]
              }
            ],
            "tags": {},
            "upgrade_policy": [
              {
                "support_type": "EXTENDED"
              }
            ],
            "version": "1.32",
            "vpc_config": [
              {
                "cluster_security_group_id": "sg-0ba5da5314881c46b",
                "endpoint_private_access": true,
                "endpoint_public_access": true,
                "public_access_cidrs": [
                  "0.0.0.0/0"
                ],
                "security_group_ids": [],
                "subnet_ids": [
                  "subnet-0238b97b046c6a6c3",
                  "subnet-0993e2181e0b3a18a",
                  "subnet-0bb81b94333b1035f"
                ],
                "vpc_id": "vpc-00bd235403b6ba4c7"
              }
            ],
            "zonal_shift_config": []
          },
          "sensitive_attributes": [],
          "identity_schema_version": 0
        }
      ]
    },
    {
      "mode": "data",
      "type": "aws_eks_cluster_auth",
      "name": "mopic_k8s",
      "provider": "provider[\"registry.terraform.io/hashicorp/aws\"]",
      "instances": [
        {
          "schema_version": 0,
          "attributes": {
            "id": "mopic_k8s",
            "name": "mopic_k8s",
            "region": "ap-southeast-1",
            "token": "k8s-aws-v1.aHR0cHM6Ly9zdHMuYXAtc291dGhlYXN0LTEuYW1hem9uYXdzLmNvbS8_QWN0aW9uPUdldENhbGxlcklkZW50aXR5JlZlcnNpb249MjAxMS0wNi0xNSZYLUFtei1BbGdvcml0aG09QVdTNC1ITUFDLVNIQTI1NiZYLUFtei1DcmVkZW50aWFsPUFLSUFRT1hSNkFOQU02TTVSSlBFJTJGMjAyNTA3MDIlMkZhcC1zb3V0aGVhc3QtMSUyRnN0cyUyRmF3czRfcmVxdWVzdCZYLUFtei1EYXRlPTIwMjUwNzAyVDEzNDkzMFomWC1BbXotRXhwaXJlcz0wJlgtQW16LVNpZ25lZEhlYWRlcnM9aG9zdCUzQngtazhzLWF3cy1pZCZYLUFtei1TaWduYXR1cmU9MDk1ZDk4Yjk1ZDM0MGVmYjAyNjBjZGQzM2I5OGI0N2U1YTY2ZTk0NGVhOTJkYjkyMTBiZTk3NzhkMDllOTFiNw"
          },
          "sensitive_attributes": [
            [
              {
                "type": "get_attr",
                "value": "token"
              }
            ]
          ],
          "identity_schema_version": 0
        }
      ]
    },
    {
      "mode": "data",
      "type": "aws_subnets",
      "name": "default_subnets",
      "provider": "provider[\"registry.terraform.io/hashicorp/aws\"]",
      "instances": [
        {
          "schema_version": 0,
          "attributes": {
            "filter": [
              {
                "name": "availability-zone",
                "values": [
                  "ap-southeast-1a",
                  "ap-southeast-1b",
                  "ap-southeast-1c"
                ]
              },
              {
                "name": "vpc-id",
                "values": [
                  "vpc-00bd235403b6ba4c7"
                ]
              }
            ],
            "id": "ap-southeast-1",
            "ids": [
              "subnet-0bb81b94333b1035f",
              "subnet-0993e2181e0b3a18a",
              "subnet-0238b97b046c6a6c3"
            ],
            "region": "ap-southeast-1",
            "tags": null,
            "timeouts": null
          },
          "sensitive_attributes": [],
          "identity_schema_version": 0
        }
      ]
    },
    {
      "mode": "managed",
      "type": "aws_ec2_tag",
      "name": "default_private_subnet_tags",
      "provider": "provider[\"registry.terraform.io/hashicorp/aws\"]",
      "instances": [
        {
          "index_key": "subnet-0238b97b046c6a6c3",
          "schema_version": 0,
          "attributes": {
            "id": "subnet-0238b97b046c6a6c3,kubernetes.io/role/internal-elb",
            "key": "kubernetes.io/role/internal-elb",
            "region": "ap-southeast-1",
            "resource_id": "subnet-0238b97b046c6a6c3",
            "value": "1"
          },
          "sensitive_attributes": [],
          "identity_schema_version": 0,
          "private": "bnVsbA==",
          "dependencies": [
            "data.aws_subnets.default_subnets"
          ]
        },
        {
          "index_key": "subnet-0993e2181e0b3a18a",
          "schema_version": 0,
          "attributes": {
            "id": "subnet-0993e2181e0b3a18a,kubernetes.io/role/internal-elb",
            "key": "kubernetes.io/role/internal-elb",
            "region": "ap-southeast-1",
            "resource_id": "subnet-0993e2181e0b3a18a",
            "value": "1"
          },
          "sensitive_attributes": [],
          "identity_schema_version": 0,
          "private": "bnVsbA==",
          "dependencies": [
            "data.aws_subnets.default_subnets"
          ]
        },
        {
          "index_key": "subnet-0bb81b94333b1035f",
          "schema_version": 0,
          "attributes": {
            "id": "subnet-0bb81b94333b1035f,kubernetes.io/role/internal-elb",
            "key": "kubernetes.io/role/internal-elb",
            "region": "ap-southeast-1",
            "resource_id": "subnet-0bb81b94333b1035f",
            "value": "1"
          },
          "sensitive_attributes": [],
          "identity_schema_version": 0,
          "private": "bnVsbA==",
          "dependencies": [
            "data.aws_subnets.default_subnets"
          ]
        }
      ]
    },
    {
      "mode": "managed",
      "type": "aws_ec2_tag",
      "name": "default_public_subnet_tags",
      "provider": "provider[\"registry.terraform.io/hashicorp/aws\"]",
      "instances": [
        {
          "index_key": "subnet-0238b97b046c6a6c3",
          "schema_version": 0,
          "attributes": {
            "id": "subnet-0238b97b046c6a6c3,kubernetes.io/role/elb",
            "key": "kubernetes.io/role/elb",
            "region": "ap-southeast-1",
            "resource_id": "subnet-0238b97b046c6a6c3",
            "value": "1"
          },
          "sensitive_attributes": [],
          "identity_schema_version": 0,
          "private": "bnVsbA==",
          "dependencies": [
            "data.aws_subnets.default_subnets"
          ]
        },
        {
          "index_key": "subnet-0993e2181e0b3a18a",
          "schema_version": 0,
          "attributes": {
            "id": "subnet-0993e2181e0b3a18a,kubernetes.io/role/elb",
            "key": "kubernetes.io/role/elb",
            "region": "ap-southeast-1",
            "resource_id": "subnet-0993e2181e0b3a18a",
            "value": "1"
          },
          "sensitive_attributes": [],
          "identity_schema_version": 0,
          "private": "bnVsbA==",
          "dependencies": [
            "data.aws_subnets.default_subnets"
          ]
        },
        {
          "index_key": "subnet-0bb81b94333b1035f",
          "schema_version": 0,
          "attributes": {
            "id": "subnet-0bb81b94333b1035f,kubernetes.io/role/elb",
            "key": "kubernetes.io/role/elb",
            "region": "ap-southeast-1",
            "resource_id": "subnet-0bb81b94333b1035f",
            "value": "1"
          },
          "sensitive_attributes": [],
          "identity_schema_version": 0,
          "private": "bnVsbA==",
          "dependencies": [
            "data.aws_subnets.default_subnets"
          ]
        }
      ]
    },
    {
      "mode": "managed",
      "type": "aws_ec2_tag",
      "name": "default_subnet_common_tags",
      "provider": "provider[\"registry.terraform.io/hashicorp/aws\"]",
      "instances": [
        {
          "index_key": "subnet-0238b97b046c6a6c3",
          "schema_version": 0,
          "attributes": {
            "id": "subnet-0238b97b046c6a6c3,kubernetes.io/cluster/mopic_k8s",
            "key": "kubernetes.io/cluster/mopic_k8s",
            "region": "ap-southeast-1",
            "resource_id": "subnet-0238b97b046c6a6c3",
            "value": "shared"
          },
          "sensitive_attributes": [],
          "identity_schema_version": 0,
          "private": "bnVsbA==",
          "dependencies": [
            "aws_eks_cluster.mopic_k8s",
            "aws_iam_role.mopic_k8s_cluster",
            "aws_iam_role.mopic_k8s_node",
            "aws_iam_role_policy_attachment.mopic_k8s_cluster_AmazonEKSBlockStoragePolicy",
            "aws_iam_role_policy_attachment.mopic_k8s_cluster_AmazonEKSClusterPolicy",
            "aws_iam_role_policy_attachment.mopic_k8s_cluster_AmazonEKSComputePolicy",
            "aws_iam_role_policy_attachment.mopic_k8s_cluster_AmazonEKSLoadBalancingPolicy",
            "aws_iam_role_policy_attachment.mopic_k8s_cluster_AmazonEKSNetworkingPolicy",
            "data.aws_subnets.default_subnets"
          ]
        },
        {
          "index_key": "subnet-0993e2181e0b3a18a",
          "schema_version": 0,
          "attributes": {
            "id": "subnet-0993e2181e0b3a18a,kubernetes.io/cluster/mopic_k8s",
            "key": "kubernetes.io/cluster/mopic_k8s",
            "region": "ap-southeast-1",
            "resource_id": "subnet-0993e2181e0b3a18a",
            "value": "shared"
          },
          "sensitive_attributes": [],
          "identity_schema_version": 0,
          "private": "bnVsbA==",
          "dependencies": [
            "aws_eks_cluster.mopic_k8s",
            "aws_iam_role.mopic_k8s_cluster",
            "aws_iam_role.mopic_k8s_node",
            "aws_iam_role_policy_attachment.mopic_k8s_cluster_AmazonEKSBlockStoragePolicy",
            "aws_iam_role_policy_attachment.mopic_k8s_cluster_AmazonEKSClusterPolicy",
            "aws_iam_role_policy_attachment.mopic_k8s_cluster_AmazonEKSComputePolicy",
            "aws_iam_role_policy_attachment.mopic_k8s_cluster_AmazonEKSLoadBalancingPolicy",
            "aws_iam_role_policy_attachment.mopic_k8s_cluster_AmazonEKSNetworkingPolicy",
            "data.aws_subnets.default_subnets"
          ]
        },
        {
          "index_key": "subnet-0bb81b94333b1035f",
          "schema_version": 0,
          "attributes": {
            "id": "subnet-0bb81b94333b1035f,kubernetes.io/cluster/mopic_k8s",
            "key": "kubernetes.io/cluster/mopic_k8s",
            "region": "ap-southeast-1",
            "resource_id": "subnet-0bb81b94333b1035f",
            "value": "shared"
          },
          "sensitive_attributes": [],
          "identity_schema_version": 0,
          "private": "bnVsbA==",
          "dependencies": [
            "aws_eks_cluster.mopic_k8s",
            "aws_iam_role.mopic_k8s_cluster",
            "aws_iam_role.mopic_k8s_node",
            "aws_iam_role_policy_attachment.mopic_k8s_cluster_AmazonEKSBlockStoragePolicy",
            "aws_iam_role_policy_attachment.mopic_k8s_cluster_AmazonEKSClusterPolicy",
            "aws_iam_role_policy_attachment.mopic_k8s_cluster_AmazonEKSComputePolicy",
            "aws_iam_role_policy_attachment.mopic_k8s_cluster_AmazonEKSLoadBalancingPolicy",
            "aws_iam_role_policy_attachment.mopic_k8s_cluster_AmazonEKSNetworkingPolicy",
            "data.aws_subnets.default_subnets"
          ]
        }
      ]
    },
    {
      "mode": "managed",
      "type": "aws_eks_addon",
      "name": "coredns",
      "provider": "provider[\"registry.terraform.io/hashicorp/aws\"]",
      "instances": [
        {
          "schema_version": 0,
          "attributes": {
            "addon_name": "coredns",
            "addon_version": "v1.11.4-eksbuild.2",
            "arn": "arn:aws:eks:ap-southeast-1:031645893440:addon/mopic_k8s/coredns/16cbe5b8-8c6f-a2aa-4c42-ee1aac3a6277",
            "cluster_name": "mopic_k8s",
            "configuration_values": "",
            "created_at": "2025-07-02T14:01:16Z",
            "id": "mopic_k8s:coredns",
            "modified_at": "2025-07-02T14:01:29Z",
            "pod_identity_association": [],
            "preserve": null,
            "region": "ap-southeast-1",
            "resolve_conflicts_on_create": null,
            "resolve_conflicts_on_update": null,
            "service_account_role_arn": "",
            "tags": null,
            "tags_all": {},
            "timeouts": null
          },
          "sensitive_attributes": [],
          "identity_schema_version": 0,
          "private": "eyJlMmJmYjczMC1lY2FhLTExZTYtOGY4OC0zNDM2M2JjN2M0YzAiOnsiY3JlYXRlIjoxMjAwMDAwMDAwMDAwLCJkZWxldGUiOjI0MDAwMDAwMDAwMDAsInVwZGF0ZSI6MTIwMDAwMDAwMDAwMH19",
          "dependencies": [
            "aws_eks_cluster.mopic_k8s",
            "aws_iam_role.mopic_k8s_cluster",
            "aws_iam_role.mopic_k8s_node",
            "aws_iam_role_policy_attachment.mopic_k8s_cluster_AmazonEKSBlockStoragePolicy",
            "aws_iam_role_policy_attachment.mopic_k8s_cluster_AmazonEKSClusterPolicy",
            "aws_iam_role_policy_attachment.mopic_k8s_cluster_AmazonEKSComputePolicy",
            "aws_iam_role_policy_attachment.mopic_k8s_cluster_AmazonEKSLoadBalancingPolicy",
            "aws_iam_role_policy_attachment.mopic_k8s_cluster_AmazonEKSNetworkingPolicy",
            "data.aws_eks_cluster.mopic_k8s",
            "data.aws_eks_cluster_auth.mopic_k8s",
            "data.aws_subnets.default_subnets",
            "helm_release.alb_controller"
          ]
        }
      ]
    },
    {
      "mode": "managed",
      "type": "aws_eks_addon",
      "name": "kube_proxy",
      "provider": "provider[\"registry.terraform.io/hashicorp/aws\"]",
      "instances": [
        {
          "schema_version": 0,
          "attributes": {
            "addon_name": "kube-proxy",
            "addon_version": "v1.32.0-eksbuild.2",
            "arn": "arn:aws:eks:ap-southeast-1:031645893440:addon/mopic_k8s/kube-proxy/decbe5b7-efcb-6a4f-6c53-7a59b4c71fb6",
            "cluster_name": "mopic_k8s",
            "configuration_values": "",
            "created_at": "2025-07-02T13:59:56Z",
            "id": "mopic_k8s:kube-proxy",
            "modified_at": "2025-07-02T14:00:03Z",
            "pod_identity_association": [],
            "preserve": null,
            "region": "ap-southeast-1",
            "resolve_conflicts_on_create": null,
            "resolve_conflicts_on_update": null,
            "service_account_role_arn": "",
            "tags": null,
            "tags_all": {},
            "timeouts": null
          },
          "sensitive_attributes": [],
          "identity_schema_version": 0,
          "private": "eyJlMmJmYjczMC1lY2FhLTExZTYtOGY4OC0zNDM2M2JjN2M0YzAiOnsiY3JlYXRlIjoxMjAwMDAwMDAwMDAwLCJkZWxldGUiOjI0MDAwMDAwMDAwMDAsInVwZGF0ZSI6MTIwMDAwMDAwMDAwMH19",
          "dependencies": [
            "aws_eks_cluster.mopic_k8s",
            "aws_iam_role.mopic_k8s_cluster",
            "aws_iam_role.mopic_k8s_node",
            "aws_iam_role_policy_attachment.mopic_k8s_cluster_AmazonEKSBlockStoragePolicy",
            "aws_iam_role_policy_attachment.mopic_k8s_cluster_AmazonEKSClusterPolicy",
            "aws_iam_role_policy_attachment.mopic_k8s_cluster_AmazonEKSComputePolicy",
            "aws_iam_role_policy_attachment.mopic_k8s_cluster_AmazonEKSLoadBalancingPolicy",
            "aws_iam_role_policy_attachment.mopic_k8s_cluster_AmazonEKSNetworkingPolicy",
            "data.aws_subnets.default_subnets"
          ]
        }
      ]
    },
    {
      "mode": "managed",
      "type": "aws_eks_cluster",
      "name": "mopic_k8s",
      "provider": "provider[\"registry.terraform.io/hashicorp/aws\"]",
      "instances": [
        {
          "schema_version": 1,
          "attributes": {
            "access_config": [
              {
                "authentication_mode": "API_AND_CONFIG_MAP",
                "bootstrap_cluster_creator_admin_permissions": true
              }
            ],
            "arn": "arn:aws:eks:ap-southeast-1:031645893440:cluster/mopic_k8s",
            "bootstrap_self_managed_addons": false,
            "certificate_authority": [
              {
                "data": "LS0tLS1CRUdJTiBDRVJUSUZJQ0FURS0tLS0tCk1JSURCVENDQWUyZ0F3SUJBZ0lJR3RPMWdNaXVmQ1l3RFFZSktvWklodmNOQVFFTEJRQXdGVEVUTUJFR0ExVUUKQXhNS2EzVmlaWEp1WlhSbGN6QWVGdzB5TlRBM01ESXhNelE0TkRoYUZ3MHpOVEEyTXpBeE16VXpORGhhTUJVeApFekFSQmdOVkJBTVRDbXQxWW1WeWJtVjBaWE13Z2dFaU1BMEdDU3FHU0liM0RRRUJBUVVBQTRJQkR3QXdnZ0VLCkFvSUJBUURabkZGbm1uUmZQR0NyWFJHaDRHNUZWQUxiRlpIQUxGYWVZd0dwdEQyR1IxQjZheEpGNUYxMWlvcXQKYnBMV3VRSVFNTDBnb3ZmTHJQRmJoYVBuOHRmdWZFVGl1a0F3M0NNRnl1Q3lBVVR1UndKZ0p4OW1RVUFOZXUrYwpIVG1VcXhmcEFmODhITERmUS8xR0dtZWxjN1FyRCtSczZvSW1icmgvY1AwUE5sU3ZZb2RjSmJ1WlYvdEJ0RUhUCmNGQ2d4c05lVHYrREpMRU5OcEk4SGRLU0RUcm9GVDNKenZKOHlKbGlxSTlDUFh5SDdvSStxQkRreGd3Z1R1VUEKVXkwcTZOZVphSjdQWXJQT1ZFVGxVeVRLR25FTVA2YWh4clFWZHlqSmlJUm5kWDFrNGRVNGV0MlQ5UkozYWZucQorbTNldHJoZUtaL1NLbDNObDdFME1zZ1lmMnVGQWdNQkFBR2pXVEJYTUE0R0ExVWREd0VCL3dRRUF3SUNwREFQCkJnTlZIUk1CQWY4RUJUQURBUUgvTUIwR0ExVWREZ1FXQkJSeXBoUmF2bHBDclZhcDQ1aC9jNDlocnBDRmxUQVYKQmdOVkhSRUVEakFNZ2dwcmRXSmxjbTVsZEdWek1BMEdDU3FHU0liM0RRRUJDd1VBQTRJQkFRREdSRUJ2dlg1VApaREJxbmZoZ3Nkckg3dzAwZUZYZ1NIUzJCMjRYdzRZUzBSc0ZOZXdiOHE2RjVRNjB3ek5haXEzbW4yQzE5OVgzCnNUYXJWeGpiNTBmbmZyQThVcWxrNHpUM2pGSC9yOEsyZlJIWmViRU1veTBaaUVzNmVJbVFVWU5KVDVhSUFsQW0KN2MxNnJFWlU4R01kS2gvY2ljMEp6Q01CckNrYjFjUWdGbHRsUkk4Mmw1THg3MjVWRWVoQlZwdlB5WkxGaEgycQpIWDAweDFRendsM2tVQ3lRN2NtMy8xb0JCeHg0YXNzdTNmVEZNZllhZFB4bnl6SVl6bGU0bEE2RXczbklnajU1CmNHLzZ4OXNtNzhJbkF4V1dBbXE4dnR4OWhwbzNLME5CYitwY2x4VTZzVFQ1OGFDSG5oMUUwR2x2MHArd3B6NTkKZ2dBcWJMKzZwU294Ci0tLS0tRU5EIENFUlRJRklDQVRFLS0tLS0K"
              }
            ],
            "cluster_id": null,
            "compute_config": [
              {
                "enabled": true,
                "node_pools": [
                  "general-purpose",
                  "system"
                ],
                "node_role_arn": "arn:aws:iam::031645893440:role/mopic_k8s_node"
              }
            ],
            "created_at": "2025-07-02T13:49:39Z",
            "enabled_cluster_log_types": null,
            "encryption_config": [],
            "endpoint": "https://9B42CF34DCED4377D450C68A25C879DF.gr7.ap-southeast-1.eks.amazonaws.com",
            "force_update_version": null,
            "id": "mopic_k8s",
            "identity": [
              {
                "oidc": [
                  {
                    "issuer": "https://oidc.eks.ap-southeast-1.amazonaws.com/id/9B42CF34DCED4377D450C68A25C879DF"
                  }
                ]
              }
            ],
            "kubernetes_network_config": [
              {
                "elastic_load_balancing": [
                  {
                    "enabled": true
                  }
                ],
                "ip_family": "ipv4",
                "service_ipv4_cidr": "10.100.0.0/16",
                "service_ipv6_cidr": ""
              }
            ],
            "name": "mopic_k8s",
            "outpost_config": [],
            "platform_version": "eks.13",
            "region": "ap-southeast-1",
            "remote_network_config": [],
            "role_arn": "arn:aws:iam::031645893440:role/mopic_k8s_cluster",
            "status": "ACTIVE",
            "storage_config": [
              {
                "block_storage": [
                  {
                    "enabled": true
                  }
                ]
              }
            ],
            "tags": null,
            "tags_all": {},
            "timeouts": null,
            "upgrade_policy": [
              {
                "support_type": "EXTENDED"
              }
            ],
            "version": "1.32",
            "vpc_config": [
              {
                "cluster_security_group_id": "sg-0ba5da5314881c46b",
                "endpoint_private_access": true,
                "endpoint_public_access": true,
                "public_access_cidrs": [
                  "0.0.0.0/0"
                ],
                "security_group_ids": null,
                "subnet_ids": [
                  "subnet-0238b97b046c6a6c3",
                  "subnet-0993e2181e0b3a18a",
                  "subnet-0bb81b94333b1035f"
                ],
                "vpc_id": "vpc-00bd235403b6ba4c7"
              }
            ],
            "zonal_shift_config": []
          },
          "sensitive_attributes": [],
          "identity_schema_version": 0,
          "private": "eyJlMmJmYjczMC1lY2FhLTExZTYtOGY4OC0zNDM2M2JjN2M0YzAiOnsiY3JlYXRlIjoxODAwMDAwMDAwMDAwLCJkZWxldGUiOjkwMDAwMDAwMDAwMCwidXBkYXRlIjozNjAwMDAwMDAwMDAwfSwic2NoZW1hX3ZlcnNpb24iOiIxIn0=",
          "dependencies": [
            "aws_iam_role.mopic_k8s_cluster",
            "aws_iam_role.mopic_k8s_node",
            "aws_iam_role_policy_attachment.mopic_k8s_cluster_AmazonEKSBlockStoragePolicy",
            "aws_iam_role_policy_attachment.mopic_k8s_cluster_AmazonEKSClusterPolicy",
            "aws_iam_role_policy_attachment.mopic_k8s_cluster_AmazonEKSComputePolicy",
            "aws_iam_role_policy_attachment.mopic_k8s_cluster_AmazonEKSLoadBalancingPolicy",
            "aws_iam_role_policy_attachment.mopic_k8s_cluster_AmazonEKSNetworkingPolicy",
            "data.aws_subnets.default_subnets"
          ]
        }
      ]
    },
    {
      "mode": "managed",
      "type": "aws_iam_openid_connect_provider",
      "name": "eks",
      "provider": "provider[\"registry.terraform.io/hashicorp/aws\"]",
      "instances": [
        {
          "schema_version": 0,
          "attributes": {
            "arn": "arn:aws:iam::031645893440:oidc-provider/oidc.eks.ap-southeast-1.amazonaws.com/id/9B42CF34DCED4377D450C68A25C879DF",
            "client_id_list": [
              "sts.amazonaws.com"
            ],
            "id": "arn:aws:iam::031645893440:oidc-provider/oidc.eks.ap-southeast-1.amazonaws.com/id/9B42CF34DCED4377D450C68A25C879DF",
            "tags": null,
            "tags_all": {},
            "thumbprint_list": [
              "9e99a48a9960b14926bb7f3b02e22da0ecd40f86"
            ],
            "url": "oidc.eks.ap-southeast-1.amazonaws.com/id/9B42CF34DCED4377D450C68A25C879DF"
          },
          "sensitive_attributes": [],
          "identity_schema_version": 0,
          "private": "bnVsbA==",
          "dependencies": [
            "aws_eks_cluster.mopic_k8s",
            "aws_iam_role.mopic_k8s_cluster",
            "aws_iam_role.mopic_k8s_node",
            "aws_iam_role_policy_attachment.mopic_k8s_cluster_AmazonEKSBlockStoragePolicy",
            "aws_iam_role_policy_attachment.mopic_k8s_cluster_AmazonEKSClusterPolicy",
            "aws_iam_role_policy_attachment.mopic_k8s_cluster_AmazonEKSComputePolicy",
            "aws_iam_role_policy_attachment.mopic_k8s_cluster_AmazonEKSLoadBalancingPolicy",
            "aws_iam_role_policy_attachment.mopic_k8s_cluster_AmazonEKSNetworkingPolicy",
            "data.aws_subnets.default_subnets"
          ]
        }
      ]
    },
    {
      "mode": "managed",
      "type": "aws_iam_policy",
      "name": "mopic_alb_controller",
      "provider": "provider[\"registry.terraform.io/hashicorp/aws\"]",
      "instances": [
        {
          "schema_version": 0,
          "attributes": {
            "arn": "arn:aws:iam::031645893440:policy/AWSLoadBalancerControllerIAMPolicy",
            "attachment_count": 0,
            "description": "IAM policy for AWS Load Balancer Controller",
            "id": "arn:aws:iam::031645893440:policy/AWSLoadBalancerControllerIAMPolicy",
            "name": "AWSLoadBalancerControllerIAMPolicy",
            "name_prefix": "",
            "path": "/",
            "policy": "{\"Statement\":[{\"Action\":[\"iam:CreateServiceLinkedRole\"],\"Condition\":{\"StringEquals\":{\"iam:AWSServiceName\":\"elasticloadbalancing.amazonaws.com\"}},\"Effect\":\"Allow\",\"Resource\":\"*\"},{\"Action\":[\"ec2:DescribeAccountAttributes\",\"ec2:DescribeAddresses\",\"ec2:DescribeAvailabilityZones\",\"ec2:DescribeInternetGateways\",\"ec2:DescribeVpcs\",\"ec2:DescribeVpcPeeringConnections\",\"ec2:DescribeSubnets\",\"ec2:DescribeSecurityGroups\",\"ec2:DescribeInstances\",\"ec2:DescribeNetworkInterfaces\",\"ec2:DescribeTags\",\"ec2:GetCoipPoolUsage\",\"ec2:DescribeCoipPools\",\"ec2:GetSecurityGroupsForVpc\",\"ec2:DescribeIpamPools\",\"ec2:DescribeRouteTables\",\"elasticloadbalancing:DescribeLoadBalancers\",\"elasticloadbalancing:DescribeLoadBalancerAttributes\",\"elasticloadbalancing:DescribeListeners\",\"elasticloadbalancing:DescribeListenerCertificates\",\"elasticloadbalancing:DescribeSSLPolicies\",\"elasticloadbalancing:DescribeRules\",\"elasticloadbalancing:DescribeTargetGroups\",\"elasticloadbalancing:DescribeTargetGroupAttributes\",\"elasticloadbalancing:DescribeTargetHealth\",\"elasticloadbalancing:DescribeTags\",\"elasticloadbalancing:DescribeTrustStores\",\"elasticloadbalancing:DescribeListenerAttributes\",\"elasticloadbalancing:DescribeCapacityReservation\"],\"Effect\":\"Allow\",\"Resource\":\"*\"},{\"Action\":[\"cognito-idp:DescribeUserPoolClient\",\"acm:ListCertificates\",\"acm:DescribeCertificate\",\"iam:ListServerCertificates\",\"iam:GetServerCertificate\",\"waf-regional:GetWebACL\",\"waf-regional:GetWebACLForResource\",\"waf-regional:AssociateWebACL\",\"waf-regional:DisassociateWebACL\",\"wafv2:GetWebACL\",\"wafv2:GetWebACLForResource\",\"wafv2:AssociateWebACL\",\"wafv2:DisassociateWebACL\",\"shield:GetSubscriptionState\",\"shield:DescribeProtection\",\"shield:CreateProtection\",\"shield:DeleteProtection\"],\"Effect\":\"Allow\",\"Resource\":\"*\"},{\"Action\":[\"ec2:AuthorizeSecurityGroupIngress\",\"ec2:RevokeSecurityGroupIngress\"],\"Effect\":\"Allow\",\"Resource\":\"*\"},{\"Action\":[\"ec2:CreateSecurityGroup\"],\"Effect\":\"Allow\",\"Resource\":\"*\"},{\"Action\":[\"ec2:CreateTags\"],\"Condition\":{\"Null\":{\"aws:RequestTag/elbv2.k8s.aws/cluster\":\"false\"},\"StringEquals\":{\"ec2:CreateAction\":\"CreateSecurityGroup\"}},\"Effect\":\"Allow\",\"Resource\":\"arn:aws:ec2:*:*:security-group/*\"},{\"Action\":[\"ec2:CreateTags\",\"ec2:DeleteTags\"],\"Condition\":{\"Null\":{\"aws:RequestTag/elbv2.k8s.aws/cluster\":\"true\",\"aws:ResourceTag/elbv2.k8s.aws/cluster\":\"false\"}},\"Effect\":\"Allow\",\"Resource\":\"arn:aws:ec2:*:*:security-group/*\"},{\"Action\":[\"ec2:AuthorizeSecurityGroupIngress\",\"ec2:RevokeSecurityGroupIngress\",\"ec2:DeleteSecurityGroup\"],\"Condition\":{\"Null\":{\"aws:ResourceTag/elbv2.k8s.aws/cluster\":\"false\"}},\"Effect\":\"Allow\",\"Resource\":\"*\"},{\"Action\":[\"elasticloadbalancing:CreateLoadBalancer\",\"elasticloadbalancing:CreateTargetGroup\"],\"Condition\":{\"Null\":{\"aws:RequestTag/elbv2.k8s.aws/cluster\":\"false\"}},\"Effect\":\"Allow\",\"Resource\":\"*\"},{\"Action\":[\"elasticloadbalancing:CreateListener\",\"elasticloadbalancing:DeleteListener\",\"elasticloadbalancing:CreateRule\",\"elasticloadbalancing:DeleteRule\"],\"Effect\":\"Allow\",\"Resource\":\"*\"},{\"Action\":[\"elasticloadbalancing:AddTags\",\"elasticloadbalancing:RemoveTags\"],\"Condition\":{\"Null\":{\"aws:RequestTag/elbv2.k8s.aws/cluster\":\"true\",\"aws:ResourceTag/elbv2.k8s.aws/cluster\":\"false\"}},\"Effect\":\"Allow\",\"Resource\":[\"arn:aws:elasticloadbalancing:*:*:targetgroup/*/*\",\"arn:aws:elasticloadbalancing:*:*:loadbalancer/net/*/*\",\"arn:aws:elasticloadbalancing:*:*:loadbalancer/app/*/*\"]},{\"Action\":[\"elasticloadbalancing:AddTags\",\"elasticloadbalancing:RemoveTags\"],\"Effect\":\"Allow\",\"Resource\":[\"arn:aws:elasticloadbalancing:*:*:listener/net/*/*/*\",\"arn:aws:elasticloadbalancing:*:*:listener/app/*/*/*\",\"arn:aws:elasticloadbalancing:*:*:listener-rule/net/*/*/*\",\"arn:aws:elasticloadbalancing:*:*:listener-rule/app/*/*/*\"]},{\"Action\":[\"elasticloadbalancing:ModifyLoadBalancerAttributes\",\"elasticloadbalancing:SetIpAddressType\",\"elasticloadbalancing:SetSecurityGroups\",\"elasticloadbalancing:SetSubnets\",\"elasticloadbalancing:DeleteLoadBalancer\",\"elasticloadbalancing:ModifyTargetGroup\",\"elasticloadbalancing:ModifyTargetGroupAttributes\",\"elasticloadbalancing:DeleteTargetGroup\",\"elasticloadbalancing:ModifyListenerAttributes\",\"elasticloadbalancing:ModifyCapacityReservation\",\"elasticloadbalancing:ModifyIpPools\"],\"Condition\":{\"Null\":{\"aws:ResourceTag/elbv2.k8s.aws/cluster\":\"false\"}},\"Effect\":\"Allow\",\"Resource\":\"*\"},{\"Action\":[\"elasticloadbalancing:AddTags\"],\"Condition\":{\"Null\":{\"aws:RequestTag/elbv2.k8s.aws/cluster\":\"false\"},\"StringEquals\":{\"elasticloadbalancing:CreateAction\":[\"CreateTargetGroup\",\"CreateLoadBalancer\"]}},\"Effect\":\"Allow\",\"Resource\":[\"arn:aws:elasticloadbalancing:*:*:targetgroup/*/*\",\"arn:aws:elasticloadbalancing:*:*:loadbalancer/net/*/*\",\"arn:aws:elasticloadbalancing:*:*:loadbalancer/app/*/*\"]},{\"Action\":[\"elasticloadbalancing:RegisterTargets\",\"elasticloadbalancing:DeregisterTargets\"],\"Effect\":\"Allow\",\"Resource\":\"arn:aws:elasticloadbalancing:*:*:targetgroup/*/*\"},{\"Action\":[\"elasticloadbalancing:SetWebAcl\",\"elasticloadbalancing:ModifyListener\",\"elasticloadbalancing:AddListenerCertificates\",\"elasticloadbalancing:RemoveListenerCertificates\",\"elasticloadbalancing:ModifyRule\",\"elasticloadbalancing:SetRulePriorities\"],\"Effect\":\"Allow\",\"Resource\":\"*\"}],\"Version\":\"2012-10-17\"}",
            "policy_id": "ANPAQOXR6ANANXSQBQTQS",
            "tags": null,
            "tags_all": {}
          },
          "sensitive_attributes": [],
          "identity_schema_version": 0,
          "private": "bnVsbA=="
        }
      ]
    },
    {
      "mode": "managed",
      "type": "aws_iam_role",
      "name": "mopic_alb_controller",
      "provider": "provider[\"registry.terraform.io/hashicorp/aws\"]",
      "instances": [
        {
          "schema_version": 0,
          "attributes": {
            "arn": "arn:aws:iam::031645893440:role/eks-alb-controller-role",
            "assume_role_policy": "{\"Statement\":[{\"Action\":\"sts:AssumeRoleWithWebIdentity\",\"Condition\":{\"StringEquals\":{\"oidc.eks.ap-southeast-1.amazonaws.com/id/9B42CF34DCED4377D450C68A25C879DF:aud\":\"sts.amazonaws.com\",\"oidc.eks.ap-southeast-1.amazonaws.com/id/9B42CF34DCED4377D450C68A25C879DF:sub\":\"system:serviceaccount:kube-system:aws-load-balancer-controller\"}},\"Effect\":\"Allow\",\"Principal\":{\"Federated\":\"arn:aws:iam::031645893440:oidc-provider/oidc.eks.ap-southeast-1.amazonaws.com/id/9B42CF34DCED4377D450C68A25C879DF\"}}],\"Version\":\"2012-10-17\"}",
            "create_date": "2025-07-02T13:59:59Z",
            "description": "",
            "force_detach_policies": false,
            "id": "eks-alb-controller-role",
            "inline_policy": [],
            "managed_policy_arns": [],
            "max_session_duration": 3600,
            "name": "eks-alb-controller-role",
            "name_prefix": "",
            "path": "/",
            "permissions_boundary": "",
            "tags": null,
            "tags_all": {},
            "unique_id": "AROAQOXR6ANAKFF6GFM4H"
          },
          "sensitive_attributes": [],
          "identity_schema_version": 0,
          "identity": {
            "account_id": "031645893440",
            "name": "eks-alb-controller-role"
          },
          "private": "bnVsbA==",
          "dependencies": [
            "aws_eks_cluster.mopic_k8s",
            "aws_iam_openid_connect_provider.eks",
            "aws_iam_role.mopic_k8s_cluster",
            "aws_iam_role.mopic_k8s_node",
            "aws_iam_role_policy_attachment.mopic_k8s_cluster_AmazonEKSBlockStoragePolicy",
            "aws_iam_role_policy_attachment.mopic_k8s_cluster_AmazonEKSClusterPolicy",
            "aws_iam_role_policy_attachment.mopic_k8s_cluster_AmazonEKSComputePolicy",
            "aws_iam_role_policy_attachment.mopic_k8s_cluster_AmazonEKSLoadBalancingPolicy",
            "aws_iam_role_policy_attachment.mopic_k8s_cluster_AmazonEKSNetworkingPolicy",
            "data.aws_subnets.default_subnets"
          ]
        }
      ]
    },
    {
      "mode": "managed",
      "type": "aws_iam_role",
      "name": "mopic_k8s_cluster",
      "provider": "provider[\"registry.terraform.io/hashicorp/aws\"]",
      "instances": [
        {
          "schema_version": 0,
          "attributes": {
            "arn": "arn:aws:iam::031645893440:role/mopic_k8s_cluster",
            "assume_role_policy": "{\"Statement\":[{\"Action\":[\"sts:AssumeRole\",\"sts:TagSession\"],\"Effect\":\"Allow\",\"Principal\":{\"Service\":\"eks.amazonaws.com\"}}],\"Version\":\"2012-10-17\"}",
            "create_date": "2025-07-02T13:49:33Z",
            "description": "",
            "force_detach_policies": false,
            "id": "mopic_k8s_cluster",
            "inline_policy": [],
            "managed_policy_arns": [],
            "max_session_duration": 3600,
            "name": "mopic_k8s_cluster",
            "name_prefix": "",
            "path": "/",
            "permissions_boundary": "",
            "tags": null,
            "tags_all": {},
            "unique_id": "AROAQOXR6ANACT2C2X4UV"
          },
          "sensitive_attributes": [],
          "identity_schema_version": 0,
          "identity": {
            "account_id": "031645893440",
            "name": "mopic_k8s_cluster"
          },
          "private": "bnVsbA=="
        }
      ]
    },
    {
      "mode": "managed",
      "type": "aws_iam_role",
      "name": "mopic_k8s_node",
      "provider": "provider[\"registry.terraform.io/hashicorp/aws\"]",
      "instances": [
        {
          "schema_version": 0,
          "attributes": {
            "arn": "arn:aws:iam::031645893440:role/mopic_k8s_node",
            "assume_role_policy": "{\"Statement\":[{\"Action\":[\"sts:AssumeRole\"],\"Effect\":\"Allow\",\"Principal\":{\"Service\":\"ec2.amazonaws.com\"}}],\"Version\":\"2012-10-17\"}",
            "create_date": "2025-07-02T13:49:33Z",
            "description": "",
            "force_detach_policies": false,
            "id": "mopic_k8s_node",
            "inline_policy": [],
            "managed_policy_arns": [],
            "max_session_duration": 3600,
            "name": "mopic_k8s_node",
            "name_prefix": "",
            "path": "/",
            "permissions_boundary": "",
            "tags": null,
            "tags_all": {},
            "unique_id": "AROAQOXR6ANAOREFJJX2C"
          },
          "sensitive_attributes": [],
          "identity_schema_version": 0,
          "identity": {
            "account_id": "031645893440",
            "name": "mopic_k8s_node"
          },
          "private": "bnVsbA=="
        }
      ]
    },
    {
      "mode": "managed",
      "type": "aws_iam_role",
      "name": "mopic_media_manager",
      "provider": "provider[\"registry.terraform.io/hashicorp/aws\"]",
      "instances": [
        {
          "schema_version": 0,
          "attributes": {
            "arn": "arn:aws:iam::031645893440:role/mopic_media_manager",
            "assume_role_policy": "{\"Statement\":[{\"Action\":\"sts:AssumeRoleWithWebIdentity\",\"Condition\":{\"StringEquals\":{\"oidc.eks.ap-southeast-1.amazonaws.com/id/9B42CF34DCED4377D450C68A25C879DF:aud\":\"sts.amazonaws.com\",\"oidc.eks.ap-southeast-1.amazonaws.com/id/9B42CF34DCED4377D450C68A25C879DF:sub\":\"system:serviceaccount:kube-system:ebs-csi-controller-sa\"}},\"Effect\":\"Allow\",\"Principal\":{\"Federated\":\"arn:aws:iam::031645893440:oidc-provider/oidc.eks.ap-southeast-1.amazonaws.com/id/9B42CF34DCED4377D450C68A25C879DF\"}}],\"Version\":\"2012-10-17\"}",
            "create_date": "2025-07-02T14:00:00Z",
            "description": "",
            "force_detach_policies": false,
            "id": "mopic_media_manager",
            "inline_policy": [],
            "managed_policy_arns": [],
            "max_session_duration": 3600,
            "name": "mopic_media_manager",
            "name_prefix": "",
            "path": "/",
            "permissions_boundary": "",
            "tags": null,
            "tags_all": {},
            "unique_id": "AROAQOXR6ANALPLNCX5H3"
          },
          "sensitive_attributes": [],
          "identity_schema_version": 0,
          "identity": {
            "account_id": "031645893440",
            "name": "mopic_media_manager"
          },
          "private": "bnVsbA==",
          "dependencies": [
            "aws_eks_cluster.mopic_k8s",
            "aws_iam_openid_connect_provider.eks",
            "aws_iam_role.mopic_k8s_cluster",
            "aws_iam_role.mopic_k8s_node",
            "aws_iam_role_policy_attachment.mopic_k8s_cluster_AmazonEKSBlockStoragePolicy",
            "aws_iam_role_policy_attachment.mopic_k8s_cluster_AmazonEKSClusterPolicy",
            "aws_iam_role_policy_attachment.mopic_k8s_cluster_AmazonEKSComputePolicy",
            "aws_iam_role_policy_attachment.mopic_k8s_cluster_AmazonEKSLoadBalancingPolicy",
            "aws_iam_role_policy_attachment.mopic_k8s_cluster_AmazonEKSNetworkingPolicy",
            "data.aws_subnets.default_subnets"
          ]
        }
      ]
    },
    {
      "mode": "managed",
      "type": "aws_iam_role_policy_attachment",
      "name": "alb_attach",
      "provider": "provider[\"registry.terraform.io/hashicorp/aws\"]",
      "instances": [
        {
          "schema_version": 0,
          "attributes": {
            "id": "eks-alb-controller-role-20250702140002010400000009",
            "policy_arn": "arn:aws:iam::031645893440:policy/AWSLoadBalancerControllerIAMPolicy",
            "role": "eks-alb-controller-role"
          },
          "sensitive_attributes": [],
          "identity_schema_version": 0,
          "private": "bnVsbA==",
          "dependencies": [
            "aws_eks_cluster.mopic_k8s",
            "aws_iam_openid_connect_provider.eks",
            "aws_iam_policy.mopic_alb_controller",
            "aws_iam_role.mopic_alb_controller",
            "aws_iam_role.mopic_k8s_cluster",
            "aws_iam_role.mopic_k8s_node",
            "aws_iam_role_policy_attachment.mopic_k8s_cluster_AmazonEKSBlockStoragePolicy",
            "aws_iam_role_policy_attachment.mopic_k8s_cluster_AmazonEKSClusterPolicy",
            "aws_iam_role_policy_attachment.mopic_k8s_cluster_AmazonEKSComputePolicy",
            "aws_iam_role_policy_attachment.mopic_k8s_cluster_AmazonEKSLoadBalancingPolicy",
            "aws_iam_role_policy_attachment.mopic_k8s_cluster_AmazonEKSNetworkingPolicy",
            "data.aws_subnets.default_subnets"
          ]
        }
      ]
    },
    {
      "mode": "managed",
      "type": "aws_iam_role_policy_attachment",
      "name": "mopic_k8s_cluster_AmazonEKSBlockStoragePolicy",
      "provider": "provider[\"registry.terraform.io/hashicorp/aws\"]",
      "instances": [
        {
          "schema_version": 0,
          "attributes": {
            "id": "mopic_k8s_cluster-20250702134935250100000002",
            "policy_arn": "arn:aws:iam::aws:policy/AmazonEKSBlockStoragePolicy",
            "role": "mopic_k8s_cluster"
          },
          "sensitive_attributes": [],
          "identity_schema_version": 0,
          "private": "bnVsbA==",
          "dependencies": [
            "aws_iam_role.mopic_k8s_cluster"
          ]
        }
      ]
    },
    {
      "mode": "managed",
      "type": "aws_iam_role_policy_attachment",
      "name": "mopic_k8s_cluster_AmazonEKSClusterPolicy",
      "provider": "provider[\"registry.terraform.io/hashicorp/aws\"]",
      "instances": [
        {
          "schema_version": 0,
          "attributes": {
            "id": "mopic_k8s_cluster-20250702134935567700000005",
            "policy_arn": "arn:aws:iam::aws:policy/AmazonEKSClusterPolicy",
            "role": "mopic_k8s_cluster"
          },
          "sensitive_attributes": [],
          "identity_schema_version": 0,
          "private": "bnVsbA==",
          "dependencies": [
            "aws_iam_role.mopic_k8s_cluster"
          ]
        }
      ]
    },
    {
      "mode": "managed",
      "type": "aws_iam_role_policy_attachment",
      "name": "mopic_k8s_cluster_AmazonEKSComputePolicy",
      "provider": "provider[\"registry.terraform.io/hashicorp/aws\"]",
      "instances": [
        {
          "schema_version": 0,
          "attributes": {
            "id": "mopic_k8s_cluster-20250702134935552300000004",
            "policy_arn": "arn:aws:iam::aws:policy/AmazonEKSComputePolicy",
            "role": "mopic_k8s_cluster"
          },
          "sensitive_attributes": [],
          "identity_schema_version": 0,
          "private": "bnVsbA==",
          "dependencies": [
            "aws_iam_role.mopic_k8s_cluster"
          ]
        }
      ]
    },
    {
      "mode": "managed",
      "type": "aws_iam_role_policy_attachment",
      "name": "mopic_k8s_cluster_AmazonEKSLoadBalancingPolicy",
      "provider": "provider[\"registry.terraform.io/hashicorp/aws\"]",
      "instances": [
        {
          "schema_version": 0,
          "attributes": {
            "id": "mopic_k8s_cluster-20250702134935340000000003",
            "policy_arn": "arn:aws:iam::aws:policy/AmazonEKSLoadBalancingPolicy",
            "role": "mopic_k8s_cluster"
          },
          "sensitive_attributes": [],
          "identity_schema_version": 0,
          "private": "bnVsbA==",
          "dependencies": [
            "aws_iam_role.mopic_k8s_cluster"
          ]
        }
      ]
    },
    {
      "mode": "managed",
      "type": "aws_iam_role_policy_attachment",
      "name": "mopic_k8s_cluster_AmazonEKSNetworkingPolicy",
      "provider": "provider[\"registry.terraform.io/hashicorp/aws\"]",
      "instances": [
        {
          "schema_version": 0,
          "attributes": {
            "id": "mopic_k8s_cluster-20250702134935243300000001",
            "policy_arn": "arn:aws:iam::aws:policy/AmazonEKSNetworkingPolicy",
            "role": "mopic_k8s_cluster"
          },
          "sensitive_attributes": [],
          "identity_schema_version": 0,
          "private": "bnVsbA==",
          "dependencies": [
            "aws_iam_role.mopic_k8s_cluster"
          ]
        }
      ]
    },
    {
      "mode": "managed",
      "type": "aws_iam_role_policy_attachment",
      "name": "mopic_k8s_node_AmazonEC2ContainerRegistryPullOnly",
      "provider": "provider[\"registry.terraform.io/hashicorp/aws\"]",
      "instances": [
        {
          "schema_version": 0,
          "attributes": {
            "id": "mopic_k8s_node-20250702134935682800000006",
            "policy_arn": "arn:aws:iam::aws:policy/AmazonEC2ContainerRegistryPullOnly",
            "role": "mopic_k8s_node"
          },
          "sensitive_attributes": [],
          "identity_schema_version": 0,
          "private": "bnVsbA==",
          "dependencies": [
            "aws_iam_role.mopic_k8s_node"
          ]
        }
      ]
    },
    {
      "mode": "managed",
      "type": "aws_iam_role_policy_attachment",
      "name": "mopic_k8s_node_AmazonEKSWorkerNodeMinimalPolicy",
      "provider": "provider[\"registry.terraform.io/hashicorp/aws\"]",
      "instances": [
        {
          "schema_version": 0,
          "attributes": {
            "id": "mopic_k8s_node-20250702134935861600000007",
            "policy_arn": "arn:aws:iam::aws:policy/AmazonEKSWorkerNodeMinimalPolicy",
            "role": "mopic_k8s_node"
          },
          "sensitive_attributes": [],
          "identity_schema_version": 0,
          "private": "bnVsbA==",
          "dependencies": [
            "aws_iam_role.mopic_k8s_node"
          ]
        }
      ]
    },
    {
      "mode": "managed",
      "type": "aws_iam_role_policy_attachment",
      "name": "mopic_media_manager_role_attach",
      "provider": "provider[\"registry.terraform.io/hashicorp/aws\"]",
      "instances": [
        {
          "schema_version": 0,
          "attributes": {
            "id": "mopic_media_manager-2025070214000221200000000a",
            "policy_arn": "arn:aws:iam::aws:policy/service-role/AmazonEBSCSIDriverPolicy",
            "role": "mopic_media_manager"
          },
          "sensitive_attributes": [],
          "identity_schema_version": 0,
          "private": "bnVsbA==",
          "dependencies": [
            "aws_eks_cluster.mopic_k8s",
            "aws_iam_openid_connect_provider.eks",
            "aws_iam_role.mopic_k8s_cluster",
            "aws_iam_role.mopic_k8s_node",
            "aws_iam_role.mopic_media_manager",
            "aws_iam_role_policy_attachment.mopic_k8s_cluster_AmazonEKSBlockStoragePolicy",
            "aws_iam_role_policy_attachment.mopic_k8s_cluster_AmazonEKSClusterPolicy",
            "aws_iam_role_policy_attachment.mopic_k8s_cluster_AmazonEKSComputePolicy",
            "aws_iam_role_policy_attachment.mopic_k8s_cluster_AmazonEKSLoadBalancingPolicy",
            "aws_iam_role_policy_attachment.mopic_k8s_cluster_AmazonEKSNetworkingPolicy",
            "data.aws_subnets.default_subnets"
          ]
        }
      ]
    },
    {
      "mode": "managed",
      "type": "helm_release",
      "name": "alb_controller",
      "provider": "provider[\"registry.terraform.io/hashicorp/helm\"]",
      "instances": [
        {
          "schema_version": 2,
          "attributes": {
            "atomic": false,
            "chart": "aws-load-balancer-controller",
            "cleanup_on_fail": false,
            "create_namespace": false,
            "dependency_update": false,
            "description": null,
            "devel": null,
            "disable_crd_hooks": false,
            "disable_openapi_validation": false,
            "disable_webhooks": false,
            "force_update": false,
            "id": "aws-load-balancer-controller",
            "keyring": null,
            "lint": false,
            "manifest": null,
            "max_history": 0,
            "metadata": {
              "app_version": "v2.13.0",
              "chart": "aws-load-balancer-controller",
              "first_deployed": 1751464799,
              "last_deployed": 1751464799,
              "name": "aws-load-balancer-controller",
              "namespace": "kube-system",
              "notes": "AWS Load Balancer controller installed!\n",
              "revision": 1,
              "values": "{\"clusterName\":\"mopic_k8s\",\"region\":\"ap-southeast-1\",\"serviceAccount\":{\"create\":false,\"name\":\"aws-load-balancer-controller\"},\"vpcId\":\"vpc-00bd235403b6ba4c7\"}",
              "version": "1.13.0"
            },
            "name": "aws-load-balancer-controller",
            "namespace": "kube-system",
            "pass_credentials": false,
            "postrender": null,
            "recreate_pods": false,
            "render_subchart_notes": true,
            "replace": false,
            "repository": "https://aws.github.io/eks-charts",
            "repository_ca_file": null,
            "repository_cert_file": null,
            "repository_key_file": null,
            "repository_password": null,
            "repository_username": null,
            "reset_values": false,
            "reuse_values": false,
            "set": [
              {
                "name": "clusterName",
                "type": "",
                "value": "mopic_k8s"
              },
              {
                "name": "region",
                "type": "",
                "value": "ap-southeast-1"
              },
              {
                "name": "vpcId",
                "type": "",
                "value": "vpc-00bd235403b6ba4c7"
              },
              {
                "name": "serviceAccount.create",
                "type": "",
                "value": "false"
              },
              {
                "name": "serviceAccount.name",
                "type": "",
                "value": "aws-load-balancer-controller"
              }
            ],
            "set_list": null,
            "set_sensitive": null,
            "set_wo": null,
            "set_wo_revision": null,
            "skip_crds": false,
            "status": "deployed",
            "timeout": 300,
            "values": null,
            "verify": false,
            "version": "1.13.0",
            "wait": true,
            "wait_for_jobs": false
          },
          "sensitive_attributes": [
            [
              {
                "type": "get_attr",
                "value": "repository_password"
              }
            ]
          ],
          "identity_schema_version": 0,
          "identity": {
            "namespace": "kube-system",
            "release_name": "aws-load-balancer-controller"
          },
          "dependencies": [
            "aws_eks_cluster.mopic_k8s",
            "aws_iam_role.mopic_k8s_cluster",
            "aws_iam_role.mopic_k8s_node",
            "aws_iam_role_policy_attachment.mopic_k8s_cluster_AmazonEKSBlockStoragePolicy",
            "aws_iam_role_policy_attachment.mopic_k8s_cluster_AmazonEKSClusterPolicy",
            "aws_iam_role_policy_attachment.mopic_k8s_cluster_AmazonEKSComputePolicy",
            "aws_iam_role_policy_attachment.mopic_k8s_cluster_AmazonEKSLoadBalancingPolicy",
            "aws_iam_role_policy_attachment.mopic_k8s_cluster_AmazonEKSNetworkingPolicy",
            "data.aws_eks_cluster.mopic_k8s",
            "data.aws_eks_cluster_auth.mopic_k8s",
            "data.aws_subnets.default_subnets"
          ]
        }
      ]
    },
    {
      "mode": "managed",
      "type": "kubernetes_config_map",
      "name": "aws_auth",
      "provider": "provider[\"registry.terraform.io/hashicorp/kubernetes\"]",
      "instances": [
        {
          "schema_version": 0,
          "attributes": {
            "binary_data": null,
            "data": {
              "mapUsers": "- \"groups\":\n  - \"system:masters\"\n  \"userarn\": \"arn:aws:iam::031645893440:user/mopic\"\n  \"username\": \"arn:aws:iam::031645893440:user/mopic\"\n"
            },
            "id": "kube-system/aws-auth",
            "immutable": false,
            "metadata": [
              {
                "annotations": null,
                "generate_name": "",
                "generation": 0,
                "labels": null,
                "name": "aws-auth",
                "namespace": "kube-system",
                "resource_version": "1421",
                "uid": "d24981e7-ab97-431f-904b-fba2debf808f"
              }
            ]
          },
          "sensitive_attributes": [],
          "identity_schema_version": 1,
          "identity": {
            "api_version": "v1",
            "kind": "ConfigMap",
            "name": "aws-auth",
            "namespace": "kube-system"
          },
          "private": "bnVsbA==",
          "dependencies": [
            "aws_eks_cluster.mopic_k8s",
            "aws_iam_role.mopic_k8s_cluster",
            "aws_iam_role.mopic_k8s_node",
            "aws_iam_role_policy_attachment.mopic_k8s_cluster_AmazonEKSBlockStoragePolicy",
            "aws_iam_role_policy_attachment.mopic_k8s_cluster_AmazonEKSClusterPolicy",
            "aws_iam_role_policy_attachment.mopic_k8s_cluster_AmazonEKSComputePolicy",
            "aws_iam_role_policy_attachment.mopic_k8s_cluster_AmazonEKSLoadBalancingPolicy",
            "aws_iam_role_policy_attachment.mopic_k8s_cluster_AmazonEKSNetworkingPolicy",
            "data.aws_caller_identity.current",
            "data.aws_eks_cluster.mopic_k8s",
            "data.aws_eks_cluster_auth.mopic_k8s",
            "data.aws_subnets.default_subnets"
          ]
        }
      ]
    },
    {
      "mode": "managed",
      "type": "kubernetes_service_account",
      "name": "aws_lb_controller",
      "provider": "provider[\"registry.terraform.io/hashicorp/kubernetes\"]",
      "instances": [
        {
          "schema_version": 0,
          "attributes": {
            "automount_service_account_token": true,
            "default_secret_name": "",
            "id": "kube-system/aws-load-balancer-controller",
            "image_pull_secret": [],
            "metadata": [
              {
                "annotations": {
                  "eks.amazonaws.com/role-arn": "arn:aws:iam::031645893440:role/eks-alb-controller-role"
                },
                "generate_name": "",
                "generation": 0,
                "labels": null,
                "name": "aws-load-balancer-controller",
                "namespace": "kube-system",
                "resource_version": "1453",
                "uid": "c4fc5296-4d51-414b-b825-76b2ebaae163"
              }
            ],
            "secret": [],
            "timeouts": null
          },
          "sensitive_attributes": [],
          "identity_schema_version": 0,
          "private": "eyJlMmJmYjczMC1lY2FhLTExZTYtOGY4OC0zNDM2M2JjN2M0YzAiOnsiY3JlYXRlIjozMDAwMDAwMDAwMH19",
          "dependencies": [
            "aws_eks_cluster.mopic_k8s",
            "aws_iam_openid_connect_provider.eks",
            "aws_iam_role.mopic_alb_controller",
            "aws_iam_role.mopic_k8s_cluster",
            "aws_iam_role.mopic_k8s_node",
            "aws_iam_role_policy_attachment.mopic_k8s_cluster_AmazonEKSBlockStoragePolicy",
            "aws_iam_role_policy_attachment.mopic_k8s_cluster_AmazonEKSClusterPolicy",
            "aws_iam_role_policy_attachment.mopic_k8s_cluster_AmazonEKSComputePolicy",
            "aws_iam_role_policy_attachment.mopic_k8s_cluster_AmazonEKSLoadBalancingPolicy",
            "aws_iam_role_policy_attachment.mopic_k8s_cluster_AmazonEKSNetworkingPolicy",
            "data.aws_eks_cluster.mopic_k8s",
            "data.aws_eks_cluster_auth.mopic_k8s",
            "data.aws_subnets.default_subnets"
          ]
        }
      ]
    }
  ],
  "check_results": null
}
