{
  "version": 4,
  "terraform_version": "1.12.0",
  "serial": 270,
  "lineage": "bbc0b026-e31b-ed8a-5a21-b867097365f8",
  "outputs": {},
  "resources": [
    {
      "mode": "data",
      "type": "aws_caller_identity",
      "name": "current",
      "provider": "provider[\"registry.terraform.io/hashicorp/aws\"]",
      "instances": [
        {
          "schema_version": 0,
          "attributes": {
            "account_id": "031645893440",
            "arn": "arn:aws:iam::031645893440:user/mopic",
            "id": "031645893440",
            "user_id": "AIDAQOXR6ANAMZA2XQ2WP"
          },
          "sensitive_attributes": [],
          "identity_schema_version": 0
        }
      ]
    },
    {
      "mode": "data",
      "type": "aws_eks_cluster",
      "name": "mopic_k8s",
      "provider": "provider[\"registry.terraform.io/hashicorp/aws\"]",
      "instances": [
        {
          "schema_version": 0,
          "attributes": {
            "access_config": [
              {
                "authentication_mode": "API_AND_CONFIG_MAP",
                "bootstrap_cluster_creator_admin_permissions": true
              }
            ],
            "arn": "arn:aws:eks:eu-north-1:031645893440:cluster/mopic_k8s",
            "certificate_authority": [
              {
                "data": "LS0tLS1CRUdJTiBDRVJUSUZJQ0FURS0tLS0tCk1JSURCVENDQWUyZ0F3SUJBZ0lJYkFiZDA5Nkc2QXN3RFFZSktvWklodmNOQVFFTEJRQXdGVEVUTUJFR0ExVUUKQXhNS2EzVmlaWEp1WlhSbGN6QWVGdzB5TlRBMU1qWXdOakUzTlRCYUZ3MHpOVEExTWpRd05qSXlOVEJhTUJVeApFekFSQmdOVkJBTVRDbXQxWW1WeWJtVjBaWE13Z2dFaU1BMEdDU3FHU0liM0RRRUJBUVVBQTRJQkR3QXdnZ0VLCkFvSUJBUURNUHBRTFpLNk9hMURpWThVRTlacm5FQnNHMGVUQm9GZnhVanQyT05jV3NEcUxCSDdpSkZhWlpVWTYKaEgvbFIwZTIxK3ZRV0dNdjdrZVU4aEJPSUFEbWdmbnJjcy9YS3A5SHFkWlNxWFpoa0ZNL0FraTF3dmlwakkzZQo3MUJUYTE3KzJuODJ6cGhIQTdTWStnZlFaZDJXbDNWWlVmSjNxNlNCN1NrM1lYdE1rSDQvdzF3MUlNMmtYblNhCkl5YTZBSDB6VmJsN1pCQTRiN1hBOVhYZ2x5UFlGV09MUlJVSlVpa0ZidGprWHBMNUZ5YnJTbE9sb3M3TzMxNWcKNFlaaFFoSzhsVW14U1pNMlJJbnJ2dklYcGcyVWtEK1E2RWpRWFprZ2xKeHZVcThEY0ZTaHdFQUNJeEY0RFQrVgpTYVZPTGQyMk5uUk5tU3VMdVZ0eklWdTJiVytqQWdNQkFBR2pXVEJYTUE0R0ExVWREd0VCL3dRRUF3SUNwREFQCkJnTlZIUk1CQWY4RUJUQURBUUgvTUIwR0ExVWREZ1FXQkJUcHpkY24rZGtSR1RxQjY2S2tpa3VTSXFSTTBqQVYKQmdOVkhSRUVEakFNZ2dwcmRXSmxjbTVsZEdWek1BMEdDU3FHU0liM0RRRUJDd1VBQTRJQkFRQXkvNHNuUDFXUApVYkVOWER5WGYrTGpiU1FObks4NEtnMnNaUWJPb2o0WmY1RW9WQjBIUk1aREc3UEIvVXgwKzljWm82R25icnZ2Ck94bU5LYXJKek1RNHlEeEdJSEZucldXN0xrQTRJSjluU1kwdDd2SURVdy9UWXByZzNHM3ppYWhRekZHTFhCMG0KWjdvQW4ySVMxbC9rRnYxK2JGV0U2NHFQZHhIQjRaaWhQYllVUVhPazA2aWlOVEZlWFd2MmRQRkFLaVNqcklJYQptOTgrTS9HRWFTS0U3elY5cVNJbWEvS1N6QnpyMDV1L3VVSUxQZmhHYzk4U1JESytHdVgxcERIZFFWVGFWclNHCkQweXdZQVducUQ0eU0zTk9YSTl3S1JlSkVYcjNTSEtCZ0dEdi9mUEEyM1k0blQ1UEx0dTROVnlZNGV1bkErSlYKOWk5SlBzNUx5a1Y5Ci0tLS0tRU5EIENFUlRJRklDQVRFLS0tLS0K"
              }
            ],
            "cluster_id": null,
            "compute_config": [
              {
                "enabled": true,
                "node_pools": [
                  "general-purpose"
                ],
                "node_role_arn": "arn:aws:iam::031645893440:role/mopic_k8s_node"
              }
            ],
            "created_at": "2025-05-26T06:18:23Z",
            "enabled_cluster_log_types": [],
            "endpoint": "https://76ED917180CFFB85D7855B482D2A1345.yl4.eu-north-1.eks.amazonaws.com",
            "id": "mopic_k8s",
            "identity": [
              {
                "oidc": [
                  {
                    "issuer": "https://oidc.eks.eu-north-1.amazonaws.com/id/76ED917180CFFB85D7855B482D2A1345"
                  }
                ]
              }
            ],
            "kubernetes_network_config": [
              {
                "elastic_load_balancing": [
                  {
                    "enabled": true
                  }
                ],
                "ip_family": "ipv4",
                "service_ipv4_cidr": "10.100.0.0/16",
                "service_ipv6_cidr": ""
              }
            ],
            "name": "mopic_k8s",
            "outpost_config": [],
            "platform_version": "eks.10",
            "remote_network_config": [],
            "role_arn": "arn:aws:iam::031645893440:role/mopic_k8s_cluster",
            "status": "ACTIVE",
            "storage_config": [
              {
                "block_storage": [
                  {
                    "enabled": true
                  }
                ]
              }
            ],
            "tags": {},
            "upgrade_policy": [
              {
                "support_type": "EXTENDED"
              }
            ],
            "version": "1.32",
            "vpc_config": [
              {
                "cluster_security_group_id": "sg-00210e7db8b1bba92",
                "endpoint_private_access": true,
                "endpoint_public_access": true,
                "public_access_cidrs": [
                  "0.0.0.0/0"
                ],
                "security_group_ids": [],
                "subnet_ids": [
                  "subnet-025b0f2432817e23c",
                  "subnet-029b8eb5c664abc70",
                  "subnet-08086e1b68e2079a3"
                ],
                "vpc_id": "vpc-05c60c9c7384cfac9"
              }
            ],
            "zonal_shift_config": []
          },
          "sensitive_attributes": [],
          "identity_schema_version": 0
        }
      ]
    },
    {
      "mode": "data",
      "type": "aws_eks_cluster_auth",
      "name": "mopic_k8s",
      "provider": "provider[\"registry.terraform.io/hashicorp/aws\"]",
      "instances": [
        {
          "schema_version": 0,
          "attributes": {
            "id": "mopic_k8s",
            "name": "mopic_k8s",
            "token": "k8s-aws-v1.aHR0cHM6Ly9zdHMuZXUtbm9ydGgtMS5hbWF6b25hd3MuY29tLz9BY3Rpb249R2V0Q2FsbGVySWRlbnRpdHkmVmVyc2lvbj0yMDExLTA2LTE1JlgtQW16LUFsZ29yaXRobT1BV1M0LUhNQUMtU0hBMjU2JlgtQW16LUNyZWRlbnRpYWw9QUtJQVFPWFI2QU5BTTZNNVJKUEUlMkYyMDI1MDUyNiUyRmV1LW5vcnRoLTElMkZzdHMlMkZhd3M0X3JlcXVlc3QmWC1BbXotRGF0ZT0yMDI1MDUyNlQwNjE4MTVaJlgtQW16LUV4cGlyZXM9MCZYLUFtei1TaWduZWRIZWFkZXJzPWhvc3QlM0J4LWs4cy1hd3MtaWQmWC1BbXotU2lnbmF0dXJlPTkxN2RkZGRhMTU5YWYyZWRmOTBlNDQ4ZWIyOTk5YjdkOTRjNjU3ZTMyZWY3ODYzZWZjNzM1MmE3OGYyMTk5N2Q"
          },
          "sensitive_attributes": [
            [
              {
                "type": "get_attr",
                "value": "token"
              }
            ]
          ],
          "identity_schema_version": 0
        }
      ]
    },
    {
      "mode": "data",
      "type": "aws_s3_bucket",
      "name": "mopic_s3_bucket",
      "provider": "provider[\"registry.terraform.io/hashicorp/aws\"]",
      "instances": [
        {
          "schema_version": 0,
          "attributes": {
            "arn": "arn:aws:s3:::mopic-media",
            "bucket": "mopic-media",
            "bucket_domain_name": "mopic-media.s3.amazonaws.com",
            "bucket_regional_domain_name": "mopic-media.s3.eu-north-1.amazonaws.com",
            "hosted_zone_id": "Z3BAZG2TWCNX0D",
            "id": "mopic-media",
            "region": "eu-north-1",
            "website_domain": null,
            "website_endpoint": null
          },
          "sensitive_attributes": [],
          "identity_schema_version": 0
        }
      ]
    },
    {
      "mode": "data",
      "type": "aws_subnets",
      "name": "default_subnets",
      "provider": "provider[\"registry.terraform.io/hashicorp/aws\"]",
      "instances": [
        {
          "schema_version": 0,
          "attributes": {
            "filter": [
              {
                "name": "availability-zone",
                "values": [
                  "eu-north-1a",
                  "eu-north-1b",
                  "eu-north-1c"
                ]
              },
              {
                "name": "vpc-id",
                "values": [
                  "vpc-05c60c9c7384cfac9"
                ]
              }
            ],
            "id": "eu-north-1",
            "ids": [
              "subnet-029b8eb5c664abc70",
              "subnet-025b0f2432817e23c",
              "subnet-08086e1b68e2079a3"
            ],
            "tags": null,
            "timeouts": null
          },
          "sensitive_attributes": [],
          "identity_schema_version": 0
        }
      ]
    },
    {
      "mode": "managed",
      "type": "aws_eks_addon",
      "name": "coredns",
      "provider": "provider[\"registry.terraform.io/hashicorp/aws\"]",
      "instances": [
        {
          "schema_version": 0,
          "attributes": {
            "addon_name": "coredns",
            "addon_version": "v1.11.4-eksbuild.2",
            "arn": "arn:aws:eks:eu-north-1:031645893440:addon/mopic_k8s/coredns/42cb85a3-d09c-72d6-6b3f-9dcf90061fea",
            "cluster_name": "mopic_k8s",
            "configuration_values": "",
            "created_at": "2025-05-26T06:28:53Z",
            "id": "mopic_k8s:coredns",
            "modified_at": "2025-05-26T06:44:10Z",
            "pod_identity_association": [],
            "preserve": null,
            "resolve_conflicts": null,
            "resolve_conflicts_on_create": null,
            "resolve_conflicts_on_update": null,
            "service_account_role_arn": "",
            "tags": null,
            "tags_all": {},
            "timeouts": null
          },
          "sensitive_attributes": [],
          "identity_schema_version": 0,
          "private": "eyJlMmJmYjczMC1lY2FhLTExZTYtOGY4OC0zNDM2M2JjN2M0YzAiOnsiY3JlYXRlIjoxMjAwMDAwMDAwMDAwLCJkZWxldGUiOjI0MDAwMDAwMDAwMDAsInVwZGF0ZSI6MTIwMDAwMDAwMDAwMH19",
          "dependencies": [
            "aws_eks_cluster.mopic_k8s",
            "aws_iam_role.mopic_k8s_cluster",
            "aws_iam_role.mopic_k8s_node",
            "aws_iam_role_policy_attachment.mopic_k8s_cluster_AmazonEKSBlockStoragePolicy",
            "aws_iam_role_policy_attachment.mopic_k8s_cluster_AmazonEKSClusterPolicy",
            "aws_iam_role_policy_attachment.mopic_k8s_cluster_AmazonEKSComputePolicy",
            "aws_iam_role_policy_attachment.mopic_k8s_cluster_AmazonEKSLoadBalancingPolicy",
            "aws_iam_role_policy_attachment.mopic_k8s_cluster_AmazonEKSNetworkingPolicy",
            "data.aws_subnets.default_subnets"
          ]
        }
      ]
    },
    {
      "mode": "managed",
      "type": "aws_eks_addon",
      "name": "kube_proxy",
      "provider": "provider[\"registry.terraform.io/hashicorp/aws\"]",
      "instances": [
        {
          "schema_version": 0,
          "attributes": {
            "addon_name": "kube-proxy",
            "addon_version": "v1.32.0-eksbuild.2",
            "arn": "arn:aws:eks:eu-north-1:031645893440:addon/mopic_k8s/kube-proxy/eccb85a3-d09b-a3aa-421c-b2ff186d6a51",
            "cluster_name": "mopic_k8s",
            "configuration_values": "",
            "created_at": "2025-05-26T06:28:53Z",
            "id": "mopic_k8s:kube-proxy",
            "modified_at": "2025-05-26T06:29:00Z",
            "pod_identity_association": [],
            "preserve": null,
            "resolve_conflicts": null,
            "resolve_conflicts_on_create": null,
            "resolve_conflicts_on_update": null,
            "service_account_role_arn": "",
            "tags": null,
            "tags_all": {},
            "timeouts": null
          },
          "sensitive_attributes": [],
          "identity_schema_version": 0,
          "private": "eyJlMmJmYjczMC1lY2FhLTExZTYtOGY4OC0zNDM2M2JjN2M0YzAiOnsiY3JlYXRlIjoxMjAwMDAwMDAwMDAwLCJkZWxldGUiOjI0MDAwMDAwMDAwMDAsInVwZGF0ZSI6MTIwMDAwMDAwMDAwMH19",
          "dependencies": [
            "aws_eks_cluster.mopic_k8s",
            "aws_iam_role.mopic_k8s_cluster",
            "aws_iam_role.mopic_k8s_node",
            "aws_iam_role_policy_attachment.mopic_k8s_cluster_AmazonEKSBlockStoragePolicy",
            "aws_iam_role_policy_attachment.mopic_k8s_cluster_AmazonEKSClusterPolicy",
            "aws_iam_role_policy_attachment.mopic_k8s_cluster_AmazonEKSComputePolicy",
            "aws_iam_role_policy_attachment.mopic_k8s_cluster_AmazonEKSLoadBalancingPolicy",
            "aws_iam_role_policy_attachment.mopic_k8s_cluster_AmazonEKSNetworkingPolicy",
            "data.aws_subnets.default_subnets"
          ]
        }
      ]
    },
    {
      "mode": "managed",
      "type": "aws_eks_addon",
      "name": "mopic_k8s_s3_csi_driver",
      "provider": "provider[\"registry.terraform.io/hashicorp/aws\"]",
      "instances": [
        {
          "schema_version": 0,
          "attributes": {
            "addon_name": "aws-mountpoint-s3-csi-driver",
            "addon_version": "v1.14.1-eksbuild.1",
            "arn": "arn:aws:eks:eu-north-1:031645893440:addon/mopic_k8s/aws-mountpoint-s3-csi-driver/06cb85a3-d09e-953d-febf-90ceffe2c65a",
            "cluster_name": "mopic_k8s",
            "configuration_values": "",
            "created_at": "2025-05-26T06:28:53Z",
            "id": "mopic_k8s:aws-mountpoint-s3-csi-driver",
            "modified_at": "2025-05-26T06:29:01Z",
            "pod_identity_association": [],
            "preserve": null,
            "resolve_conflicts": null,
            "resolve_conflicts_on_create": null,
            "resolve_conflicts_on_update": null,
            "service_account_role_arn": "",
            "tags": null,
            "tags_all": {},
            "timeouts": null
          },
          "sensitive_attributes": [],
          "identity_schema_version": 0,
          "private": "eyJlMmJmYjczMC1lY2FhLTExZTYtOGY4OC0zNDM2M2JjN2M0YzAiOnsiY3JlYXRlIjoxMjAwMDAwMDAwMDAwLCJkZWxldGUiOjI0MDAwMDAwMDAwMDAsInVwZGF0ZSI6MTIwMDAwMDAwMDAwMH19",
          "dependencies": [
            "aws_eks_cluster.mopic_k8s",
            "aws_iam_role.mopic_k8s_cluster",
            "aws_iam_role.mopic_k8s_node",
            "aws_iam_role_policy_attachment.mopic_k8s_cluster_AmazonEKSBlockStoragePolicy",
            "aws_iam_role_policy_attachment.mopic_k8s_cluster_AmazonEKSClusterPolicy",
            "aws_iam_role_policy_attachment.mopic_k8s_cluster_AmazonEKSComputePolicy",
            "aws_iam_role_policy_attachment.mopic_k8s_cluster_AmazonEKSLoadBalancingPolicy",
            "aws_iam_role_policy_attachment.mopic_k8s_cluster_AmazonEKSNetworkingPolicy",
            "data.aws_subnets.default_subnets"
          ]
        }
      ]
    },
    {
      "mode": "managed",
      "type": "aws_eks_cluster",
      "name": "mopic_k8s",
      "provider": "provider[\"registry.terraform.io/hashicorp/aws\"]",
      "instances": [
        {
          "schema_version": 1,
          "attributes": {
            "access_config": [
              {
                "authentication_mode": "API_AND_CONFIG_MAP",
                "bootstrap_cluster_creator_admin_permissions": true
              }
            ],
            "arn": "arn:aws:eks:eu-north-1:031645893440:cluster/mopic_k8s",
            "bootstrap_self_managed_addons": false,
            "certificate_authority": [
              {
                "data": "LS0tLS1CRUdJTiBDRVJUSUZJQ0FURS0tLS0tCk1JSURCVENDQWUyZ0F3SUJBZ0lJYkFiZDA5Nkc2QXN3RFFZSktvWklodmNOQVFFTEJRQXdGVEVUTUJFR0ExVUUKQXhNS2EzVmlaWEp1WlhSbGN6QWVGdzB5TlRBMU1qWXdOakUzTlRCYUZ3MHpOVEExTWpRd05qSXlOVEJhTUJVeApFekFSQmdOVkJBTVRDbXQxWW1WeWJtVjBaWE13Z2dFaU1BMEdDU3FHU0liM0RRRUJBUVVBQTRJQkR3QXdnZ0VLCkFvSUJBUURNUHBRTFpLNk9hMURpWThVRTlacm5FQnNHMGVUQm9GZnhVanQyT05jV3NEcUxCSDdpSkZhWlpVWTYKaEgvbFIwZTIxK3ZRV0dNdjdrZVU4aEJPSUFEbWdmbnJjcy9YS3A5SHFkWlNxWFpoa0ZNL0FraTF3dmlwakkzZQo3MUJUYTE3KzJuODJ6cGhIQTdTWStnZlFaZDJXbDNWWlVmSjNxNlNCN1NrM1lYdE1rSDQvdzF3MUlNMmtYblNhCkl5YTZBSDB6VmJsN1pCQTRiN1hBOVhYZ2x5UFlGV09MUlJVSlVpa0ZidGprWHBMNUZ5YnJTbE9sb3M3TzMxNWcKNFlaaFFoSzhsVW14U1pNMlJJbnJ2dklYcGcyVWtEK1E2RWpRWFprZ2xKeHZVcThEY0ZTaHdFQUNJeEY0RFQrVgpTYVZPTGQyMk5uUk5tU3VMdVZ0eklWdTJiVytqQWdNQkFBR2pXVEJYTUE0R0ExVWREd0VCL3dRRUF3SUNwREFQCkJnTlZIUk1CQWY4RUJUQURBUUgvTUIwR0ExVWREZ1FXQkJUcHpkY24rZGtSR1RxQjY2S2tpa3VTSXFSTTBqQVYKQmdOVkhSRUVEakFNZ2dwcmRXSmxjbTVsZEdWek1BMEdDU3FHU0liM0RRRUJDd1VBQTRJQkFRQXkvNHNuUDFXUApVYkVOWER5WGYrTGpiU1FObks4NEtnMnNaUWJPb2o0WmY1RW9WQjBIUk1aREc3UEIvVXgwKzljWm82R25icnZ2Ck94bU5LYXJKek1RNHlEeEdJSEZucldXN0xrQTRJSjluU1kwdDd2SURVdy9UWXByZzNHM3ppYWhRekZHTFhCMG0KWjdvQW4ySVMxbC9rRnYxK2JGV0U2NHFQZHhIQjRaaWhQYllVUVhPazA2aWlOVEZlWFd2MmRQRkFLaVNqcklJYQptOTgrTS9HRWFTS0U3elY5cVNJbWEvS1N6QnpyMDV1L3VVSUxQZmhHYzk4U1JESytHdVgxcERIZFFWVGFWclNHCkQweXdZQVducUQ0eU0zTk9YSTl3S1JlSkVYcjNTSEtCZ0dEdi9mUEEyM1k0blQ1UEx0dTROVnlZNGV1bkErSlYKOWk5SlBzNUx5a1Y5Ci0tLS0tRU5EIENFUlRJRklDQVRFLS0tLS0K"
              }
            ],
            "cluster_id": null,
            "compute_config": [
              {
                "enabled": true,
                "node_pools": [
                  "general-purpose"
                ],
                "node_role_arn": "arn:aws:iam::031645893440:role/mopic_k8s_node"
              }
            ],
            "created_at": "2025-05-26T06:18:23Z",
            "enabled_cluster_log_types": null,
            "encryption_config": [],
            "endpoint": "https://76ED917180CFFB85D7855B482D2A1345.yl4.eu-north-1.eks.amazonaws.com",
            "force_update_version": null,
            "id": "mopic_k8s",
            "identity": [
              {
                "oidc": [
                  {
                    "issuer": "https://oidc.eks.eu-north-1.amazonaws.com/id/76ED917180CFFB85D7855B482D2A1345"
                  }
                ]
              }
            ],
            "kubernetes_network_config": [
              {
                "elastic_load_balancing": [
                  {
                    "enabled": true
                  }
                ],
                "ip_family": "ipv4",
                "service_ipv4_cidr": "10.100.0.0/16",
                "service_ipv6_cidr": ""
              }
            ],
            "name": "mopic_k8s",
            "outpost_config": [],
            "platform_version": "eks.10",
            "remote_network_config": [],
            "role_arn": "arn:aws:iam::031645893440:role/mopic_k8s_cluster",
            "status": "ACTIVE",
            "storage_config": [
              {
                "block_storage": [
                  {
                    "enabled": true
                  }
                ]
              }
            ],
            "tags": null,
            "tags_all": {},
            "timeouts": null,
            "upgrade_policy": [
              {
                "support_type": "EXTENDED"
              }
            ],
            "version": "1.32",
            "vpc_config": [
              {
                "cluster_security_group_id": "sg-00210e7db8b1bba92",
                "endpoint_private_access": true,
                "endpoint_public_access": true,
                "public_access_cidrs": [
                  "0.0.0.0/0"
                ],
                "security_group_ids": null,
                "subnet_ids": [
                  "subnet-025b0f2432817e23c",
                  "subnet-029b8eb5c664abc70",
                  "subnet-08086e1b68e2079a3"
                ],
                "vpc_id": "vpc-05c60c9c7384cfac9"
              }
            ],
            "zonal_shift_config": []
          },
          "sensitive_attributes": [],
          "identity_schema_version": 0,
          "private": "eyJlMmJmYjczMC1lY2FhLTExZTYtOGY4OC0zNDM2M2JjN2M0YzAiOnsiY3JlYXRlIjoxODAwMDAwMDAwMDAwLCJkZWxldGUiOjkwMDAwMDAwMDAwMCwidXBkYXRlIjozNjAwMDAwMDAwMDAwfSwic2NoZW1hX3ZlcnNpb24iOiIxIn0=",
          "dependencies": [
            "aws_iam_role.mopic_k8s_cluster",
            "aws_iam_role.mopic_k8s_node",
            "aws_iam_role_policy_attachment.mopic_k8s_cluster_AmazonEKSBlockStoragePolicy",
            "aws_iam_role_policy_attachment.mopic_k8s_cluster_AmazonEKSClusterPolicy",
            "aws_iam_role_policy_attachment.mopic_k8s_cluster_AmazonEKSComputePolicy",
            "aws_iam_role_policy_attachment.mopic_k8s_cluster_AmazonEKSLoadBalancingPolicy",
            "aws_iam_role_policy_attachment.mopic_k8s_cluster_AmazonEKSNetworkingPolicy",
            "data.aws_subnets.default_subnets"
          ]
        }
      ]
    },
    {
      "mode": "managed",
      "type": "aws_iam_openid_connect_provider",
      "name": "eks",
      "provider": "provider[\"registry.terraform.io/hashicorp/aws\"]",
      "instances": [
        {
          "schema_version": 0,
          "attributes": {
            "arn": "arn:aws:iam::031645893440:oidc-provider/oidc.eks.eu-north-1.amazonaws.com/id/76ED917180CFFB85D7855B482D2A1345",
            "client_id_list": [
              "sts.amazonaws.com"
            ],
            "id": "arn:aws:iam::031645893440:oidc-provider/oidc.eks.eu-north-1.amazonaws.com/id/76ED917180CFFB85D7855B482D2A1345",
            "tags": null,
            "tags_all": {},
            "thumbprint_list": [
              "9e99a48a9960b14926bb7f3b02e22da0ecd40f86"
            ],
            "url": "oidc.eks.eu-north-1.amazonaws.com/id/76ED917180CFFB85D7855B482D2A1345"
          },
          "sensitive_attributes": [],
          "identity_schema_version": 0,
          "private": "bnVsbA==",
          "dependencies": [
            "aws_eks_cluster.mopic_k8s",
            "aws_iam_role.mopic_k8s_cluster",
            "aws_iam_role.mopic_k8s_node",
            "aws_iam_role_policy_attachment.mopic_k8s_cluster_AmazonEKSBlockStoragePolicy",
            "aws_iam_role_policy_attachment.mopic_k8s_cluster_AmazonEKSClusterPolicy",
            "aws_iam_role_policy_attachment.mopic_k8s_cluster_AmazonEKSComputePolicy",
            "aws_iam_role_policy_attachment.mopic_k8s_cluster_AmazonEKSLoadBalancingPolicy",
            "aws_iam_role_policy_attachment.mopic_k8s_cluster_AmazonEKSNetworkingPolicy",
            "data.aws_subnets.default_subnets"
          ]
        }
      ]
    },
    {
      "mode": "managed",
      "type": "aws_iam_policy",
      "name": "mopic_media_bucket_policy",
      "provider": "provider[\"registry.terraform.io/hashicorp/aws\"]",
      "instances": [
        {
          "schema_version": 0,
          "attributes": {
            "arn": "arn:aws:iam::031645893440:policy/mopic_media_bucket_policy",
            "attachment_count": 0,
            "description": "",
            "id": "arn:aws:iam::031645893440:policy/mopic_media_bucket_policy",
            "name": "mopic_media_bucket_policy",
            "name_prefix": "",
            "path": "/",
            "policy": "{\"Statement\":[{\"Action\":[\"s3:ListBucket\"],\"Effect\":\"Allow\",\"Resource\":[\"arn:aws:s3:::mopic-media\"],\"Sid\":\"MountpointFullBucketAccess\"},{\"Action\":[\"s3:GetObject\",\"s3:PutObject\",\"s3:AbortMultipartUpload\",\"s3:DeleteObject\"],\"Effect\":\"Allow\",\"Resource\":[\"arn:aws:s3:::mopic-media/*\"],\"Sid\":\"MountpointFullObjectAccess\"}],\"Version\":\"2012-10-17\"}",
            "policy_id": "ANPAQOXR6ANAASGTZZLHZ",
            "tags": null,
            "tags_all": {}
          },
          "sensitive_attributes": [],
          "identity_schema_version": 0,
          "private": "bnVsbA==",
          "dependencies": [
            "data.aws_s3_bucket.mopic_s3_bucket"
          ]
        }
      ]
    },
    {
      "mode": "managed",
      "type": "aws_iam_role",
      "name": "mopic_k8s_cluster",
      "provider": "provider[\"registry.terraform.io/hashicorp/aws\"]",
      "instances": [
        {
          "schema_version": 0,
          "attributes": {
            "arn": "arn:aws:iam::031645893440:role/mopic_k8s_cluster",
            "assume_role_policy": "{\"Statement\":[{\"Action\":[\"sts:AssumeRole\",\"sts:TagSession\"],\"Effect\":\"Allow\",\"Principal\":{\"Service\":\"eks.amazonaws.com\"}}],\"Version\":\"2012-10-17\"}",
            "create_date": "2025-05-26T06:18:18Z",
            "description": "",
            "force_detach_policies": false,
            "id": "mopic_k8s_cluster",
            "inline_policy": [],
            "managed_policy_arns": [],
            "max_session_duration": 3600,
            "name": "mopic_k8s_cluster",
            "name_prefix": "",
            "path": "/",
            "permissions_boundary": "",
            "tags": null,
            "tags_all": {},
            "unique_id": "AROAQOXR6ANAPJOVFMSF7"
          },
          "sensitive_attributes": [],
          "identity_schema_version": 0,
          "private": "bnVsbA=="
        }
      ]
    },
    {
      "mode": "managed",
      "type": "aws_iam_role",
      "name": "mopic_k8s_node",
      "provider": "provider[\"registry.terraform.io/hashicorp/aws\"]",
      "instances": [
        {
          "schema_version": 0,
          "attributes": {
            "arn": "arn:aws:iam::031645893440:role/mopic_k8s_node",
            "assume_role_policy": "{\"Statement\":[{\"Action\":[\"sts:AssumeRole\"],\"Effect\":\"Allow\",\"Principal\":{\"Service\":\"ec2.amazonaws.com\"}}],\"Version\":\"2012-10-17\"}",
            "create_date": "2025-05-26T06:18:18Z",
            "description": "",
            "force_detach_policies": false,
            "id": "mopic_k8s_node",
            "inline_policy": [],
            "managed_policy_arns": [],
            "max_session_duration": 3600,
            "name": "mopic_k8s_node",
            "name_prefix": "",
            "path": "/",
            "permissions_boundary": "",
            "tags": null,
            "tags_all": {},
            "unique_id": "AROAQOXR6ANAATXRIVFNJ"
          },
          "sensitive_attributes": [],
          "identity_schema_version": 0,
          "private": "bnVsbA=="
        }
      ]
    },
    {
      "mode": "managed",
      "type": "aws_iam_role",
      "name": "mopic_media_manager",
      "provider": "provider[\"registry.terraform.io/hashicorp/aws\"]",
      "instances": [
        {
          "schema_version": 0,
          "attributes": {
            "arn": "arn:aws:iam::031645893440:role/mopic_media_manager",
            "assume_role_policy": "{\"Statement\":[{\"Action\":\"sts:AssumeRoleWithWebIdentity\",\"Condition\":{\"StringEquals\":{\"oidc.eks.eu-north-1.amazonaws.com/id/76ED917180CFFB85D7855B482D2A1345:aud\":\"sts.amazonaws.com\",\"oidc.eks.eu-north-1.amazonaws.com/id/76ED917180CFFB85D7855B482D2A1345:sub\":\"system:serviceaccount:kube-system:s3-csi-driver-sa\"}},\"Effect\":\"Allow\",\"Principal\":{\"Federated\":\"arn:aws:iam::031645893440:oidc-provider/oidc.eks.eu-north-1.amazonaws.com/id/76ED917180CFFB85D7855B482D2A1345\"}}],\"Version\":\"2012-10-17\"}",
            "create_date": "2025-05-26T06:28:54Z",
            "description": "",
            "force_detach_policies": false,
            "id": "mopic_media_manager",
            "inline_policy": [],
            "managed_policy_arns": [],
            "max_session_duration": 3600,
            "name": "mopic_media_manager",
            "name_prefix": "",
            "path": "/",
            "permissions_boundary": "",
            "tags": null,
            "tags_all": {},
            "unique_id": "AROAQOXR6ANAKTAMMO4QK"
          },
          "sensitive_attributes": [],
          "identity_schema_version": 0,
          "private": "bnVsbA==",
          "dependencies": [
            "aws_eks_cluster.mopic_k8s",
            "aws_iam_openid_connect_provider.eks",
            "aws_iam_role.mopic_k8s_cluster",
            "aws_iam_role.mopic_k8s_node",
            "aws_iam_role_policy_attachment.mopic_k8s_cluster_AmazonEKSBlockStoragePolicy",
            "aws_iam_role_policy_attachment.mopic_k8s_cluster_AmazonEKSClusterPolicy",
            "aws_iam_role_policy_attachment.mopic_k8s_cluster_AmazonEKSComputePolicy",
            "aws_iam_role_policy_attachment.mopic_k8s_cluster_AmazonEKSLoadBalancingPolicy",
            "aws_iam_role_policy_attachment.mopic_k8s_cluster_AmazonEKSNetworkingPolicy",
            "data.aws_subnets.default_subnets"
          ]
        }
      ]
    },
    {
      "mode": "managed",
      "type": "aws_iam_role_policy_attachment",
      "name": "mopic_k8s_cluster_AmazonEKSBlockStoragePolicy",
      "provider": "provider[\"registry.terraform.io/hashicorp/aws\"]",
      "instances": [
        {
          "schema_version": 0,
          "attributes": {
            "id": "mopic_k8s_cluster-20250526061819425100000001",
            "policy_arn": "arn:aws:iam::aws:policy/AmazonEKSBlockStoragePolicy",
            "role": "mopic_k8s_cluster"
          },
          "sensitive_attributes": [],
          "identity_schema_version": 0,
          "private": "bnVsbA==",
          "dependencies": [
            "aws_iam_role.mopic_k8s_cluster"
          ]
        }
      ]
    },
    {
      "mode": "managed",
      "type": "aws_iam_role_policy_attachment",
      "name": "mopic_k8s_cluster_AmazonEKSClusterPolicy",
      "provider": "provider[\"registry.terraform.io/hashicorp/aws\"]",
      "instances": [
        {
          "schema_version": 0,
          "attributes": {
            "id": "mopic_k8s_cluster-20250526061819730300000004",
            "policy_arn": "arn:aws:iam::aws:policy/AmazonEKSClusterPolicy",
            "role": "mopic_k8s_cluster"
          },
          "sensitive_attributes": [],
          "identity_schema_version": 0,
          "private": "bnVsbA==",
          "dependencies": [
            "aws_iam_role.mopic_k8s_cluster"
          ]
        }
      ]
    },
    {
      "mode": "managed",
      "type": "aws_iam_role_policy_attachment",
      "name": "mopic_k8s_cluster_AmazonEKSComputePolicy",
      "provider": "provider[\"registry.terraform.io/hashicorp/aws\"]",
      "instances": [
        {
          "schema_version": 0,
          "attributes": {
            "id": "mopic_k8s_cluster-20250526061819811300000005",
            "policy_arn": "arn:aws:iam::aws:policy/AmazonEKSComputePolicy",
            "role": "mopic_k8s_cluster"
          },
          "sensitive_attributes": [],
          "identity_schema_version": 0,
          "private": "bnVsbA==",
          "dependencies": [
            "aws_iam_role.mopic_k8s_cluster"
          ]
        }
      ]
    },
    {
      "mode": "managed",
      "type": "aws_iam_role_policy_attachment",
      "name": "mopic_k8s_cluster_AmazonEKSLoadBalancingPolicy",
      "provider": "provider[\"registry.terraform.io/hashicorp/aws\"]",
      "instances": [
        {
          "schema_version": 0,
          "attributes": {
            "id": "mopic_k8s_cluster-20250526061819602900000003",
            "policy_arn": "arn:aws:iam::aws:policy/AmazonEKSLoadBalancingPolicy",
            "role": "mopic_k8s_cluster"
          },
          "sensitive_attributes": [],
          "identity_schema_version": 0,
          "private": "bnVsbA==",
          "dependencies": [
            "aws_iam_role.mopic_k8s_cluster"
          ]
        }
      ]
    },
    {
      "mode": "managed",
      "type": "aws_iam_role_policy_attachment",
      "name": "mopic_k8s_cluster_AmazonEKSNetworkingPolicy",
      "provider": "provider[\"registry.terraform.io/hashicorp/aws\"]",
      "instances": [
        {
          "schema_version": 0,
          "attributes": {
            "id": "mopic_k8s_cluster-20250526061819470800000002",
            "policy_arn": "arn:aws:iam::aws:policy/AmazonEKSNetworkingPolicy",
            "role": "mopic_k8s_cluster"
          },
          "sensitive_attributes": [],
          "identity_schema_version": 0,
          "private": "bnVsbA==",
          "dependencies": [
            "aws_iam_role.mopic_k8s_cluster"
          ]
        }
      ]
    },
    {
      "mode": "managed",
      "type": "aws_iam_role_policy_attachment",
      "name": "mopic_k8s_node_AmazonEC2ContainerRegistryPullOnly",
      "provider": "provider[\"registry.terraform.io/hashicorp/aws\"]",
      "instances": [
        {
          "schema_version": 0,
          "attributes": {
            "id": "mopic_k8s_node-20250526061820037100000007",
            "policy_arn": "arn:aws:iam::aws:policy/AmazonEC2ContainerRegistryPullOnly",
            "role": "mopic_k8s_node"
          },
          "sensitive_attributes": [],
          "identity_schema_version": 0,
          "private": "bnVsbA==",
          "dependencies": [
            "aws_iam_role.mopic_k8s_node"
          ]
        }
      ]
    },
    {
      "mode": "managed",
      "type": "aws_iam_role_policy_attachment",
      "name": "mopic_k8s_node_AmazonEKSWorkerNodeMinimalPolicy",
      "provider": "provider[\"registry.terraform.io/hashicorp/aws\"]",
      "instances": [
        {
          "schema_version": 0,
          "attributes": {
            "id": "mopic_k8s_node-20250526061819932100000006",
            "policy_arn": "arn:aws:iam::aws:policy/AmazonEKSWorkerNodeMinimalPolicy",
            "role": "mopic_k8s_node"
          },
          "sensitive_attributes": [],
          "identity_schema_version": 0,
          "private": "bnVsbA==",
          "dependencies": [
            "aws_iam_role.mopic_k8s_node"
          ]
        }
      ]
    },
    {
      "mode": "managed",
      "type": "aws_iam_role_policy_attachment",
      "name": "mopic_media_manager_role_attach",
      "provider": "provider[\"registry.terraform.io/hashicorp/aws\"]",
      "instances": [
        {
          "schema_version": 0,
          "attributes": {
            "id": "mopic_media_manager-2025052606285593380000000b",
            "policy_arn": "arn:aws:iam::031645893440:policy/mopic_media_bucket_policy",
            "role": "mopic_media_manager"
          },
          "sensitive_attributes": [],
          "identity_schema_version": 0,
          "private": "bnVsbA==",
          "dependencies": [
            "aws_eks_cluster.mopic_k8s",
            "aws_iam_openid_connect_provider.eks",
            "aws_iam_policy.mopic_media_bucket_policy",
            "aws_iam_role.mopic_k8s_cluster",
            "aws_iam_role.mopic_k8s_node",
            "aws_iam_role.mopic_media_manager",
            "aws_iam_role_policy_attachment.mopic_k8s_cluster_AmazonEKSBlockStoragePolicy",
            "aws_iam_role_policy_attachment.mopic_k8s_cluster_AmazonEKSClusterPolicy",
            "aws_iam_role_policy_attachment.mopic_k8s_cluster_AmazonEKSComputePolicy",
            "aws_iam_role_policy_attachment.mopic_k8s_cluster_AmazonEKSLoadBalancingPolicy",
            "aws_iam_role_policy_attachment.mopic_k8s_cluster_AmazonEKSNetworkingPolicy",
            "data.aws_s3_bucket.mopic_s3_bucket",
            "data.aws_subnets.default_subnets"
          ]
        }
      ]
    },
    {
      "mode": "managed",
      "type": "kubernetes_config_map",
      "name": "aws_auth",
      "provider": "provider[\"registry.terraform.io/hashicorp/kubernetes\"]",
      "instances": [
        {
          "schema_version": 0,
          "attributes": {
            "binary_data": null,
            "data": {
              "mapUsers": "- \"groups\":\n  - \"system:masters\"\n  \"userarn\": \"arn:aws:iam::031645893440:user/mopic\"\n  \"username\": \"arn:aws:iam::031645893440:user/mopic\"\n"
            },
            "id": "kube-system/aws-auth",
            "immutable": false,
            "metadata": [
              {
                "annotations": null,
                "generate_name": "",
                "generation": 0,
                "labels": null,
                "name": "aws-auth",
                "namespace": "kube-system",
                "resource_version": "1424",
                "uid": "98f2b96c-6145-4ac1-a680-b49f8697aa95"
              }
            ]
          },
          "sensitive_attributes": [],
          "identity_schema_version": 1,
          "identity": {
            "api_version": "v1",
            "kind": "ConfigMap",
            "name": "aws-auth",
            "namespace": "kube-system"
          },
          "private": "bnVsbA==",
          "dependencies": [
            "aws_eks_cluster.mopic_k8s",
            "aws_iam_role.mopic_k8s_cluster",
            "aws_iam_role.mopic_k8s_node",
            "aws_iam_role_policy_attachment.mopic_k8s_cluster_AmazonEKSBlockStoragePolicy",
            "aws_iam_role_policy_attachment.mopic_k8s_cluster_AmazonEKSClusterPolicy",
            "aws_iam_role_policy_attachment.mopic_k8s_cluster_AmazonEKSComputePolicy",
            "aws_iam_role_policy_attachment.mopic_k8s_cluster_AmazonEKSLoadBalancingPolicy",
            "aws_iam_role_policy_attachment.mopic_k8s_cluster_AmazonEKSNetworkingPolicy",
            "data.aws_caller_identity.current",
            "data.aws_eks_cluster.mopic_k8s",
            "data.aws_eks_cluster_auth.mopic_k8s",
            "data.aws_subnets.default_subnets"
          ]
        }
      ]
    }
  ],
  "check_results": null
}
