{
  "version": 4,
  "terraform_version": "1.12.1",
  "serial": 793,
  "lineage": "bbc0b026-e31b-ed8a-5a21-b867097365f8",
  "outputs": {},
  "resources": [
    {
      "mode": "data",
      "type": "aws_subnets",
      "name": "default_subnets",
      "provider": "provider[\"registry.terraform.io/hashicorp/aws\"]",
      "instances": [
        {
          "schema_version": 0,
          "attributes": {
            "filter": [
              {
                "name": "availability-zone",
                "values": [
                  "eu-north-1a",
                  "eu-north-1b",
                  "eu-north-1c"
                ]
              },
              {
                "name": "vpc-id",
                "values": [
                  "vpc-05c60c9c7384cfac9"
                ]
              }
            ],
            "id": "eu-north-1",
            "ids": [
              "subnet-029b8eb5c664abc70",
              "subnet-025b0f2432817e23c",
              "subnet-08086e1b68e2079a3"
            ],
            "tags": null,
            "timeouts": null
          },
          "sensitive_attributes": [],
          "identity_schema_version": 0
        }
      ]
    },
    {
      "mode": "managed",
      "type": "aws_eks_cluster",
      "name": "mopic_k8s",
      "provider": "provider[\"registry.terraform.io/hashicorp/aws\"]",
      "instances": [
        {
          "schema_version": 1,
          "attributes": {
            "access_config": [
              {
                "authentication_mode": "API_AND_CONFIG_MAP",
                "bootstrap_cluster_creator_admin_permissions": true
              }
            ],
            "arn": "arn:aws:eks:eu-north-1:031645893440:cluster/mopic_k8s",
            "bootstrap_self_managed_addons": false,
            "certificate_authority": [
              {
                "data": "LS0tLS1CRUdJTiBDRVJUSUZJQ0FURS0tLS0tCk1JSURCVENDQWUyZ0F3SUJBZ0lJZWcwYnpCbUk1ak13RFFZSktvWklodmNOQVFFTEJRQXdGVEVUTUJFR0ExVUUKQXhNS2EzVmlaWEp1WlhSbGN6QWVGdzB5TlRBMk1EUXhNekEyTWpaYUZ3MHpOVEEyTURJeE16RXhNalphTUJVeApFekFSQmdOVkJBTVRDbXQxWW1WeWJtVjBaWE13Z2dFaU1BMEdDU3FHU0liM0RRRUJBUVVBQTRJQkR3QXdnZ0VLCkFvSUJBUURJeDVwVFIreGg1b1BHOE9kY0tKY0EyWkVQRXFPRVR4czBkTFUzS1BHamFPRmlmdXkzMnZrc2dkY3AKelpyWTB0ZVhXOXJTMzFHd2k4ekhYU3diMmtkaDB5NDhTRFNOeWFOUXlyeklnUmFlTWJtc1ZTYUF3cFpSNVc2NwpNck5kNy8yWE5JZXZXVDMzWHpTQ3h4eG9penk3dWtYY2lsdUhyQ3IwWnMzWU50SWZVdEdtUytPQk5idTRmTFBSCkduUGROWlhHYW8yOW0xOVVTaFRFVHc1b081UWlySXlXdVpaWW5haTdNMGo3S0FkdzN0VUMxbjV3eVY2Wjg1V1cKU2NRMExIK0VjMm92SjhVNW9yNklHL3ViYUJERXI4d3J5TTFMVHpNdTRIZFhGQzRlamw3Zk9ieTRBVjIzSFV0MgpuUitZUXRndmttTkx3L3M2d25WU3U3SmZKRHMvQWdNQkFBR2pXVEJYTUE0R0ExVWREd0VCL3dRRUF3SUNwREFQCkJnTlZIUk1CQWY4RUJUQURBUUgvTUIwR0ExVWREZ1FXQkJRdGpONkdBaVM0bDEzeU5NVHVYRmdpYU9SYTBUQVYKQmdOVkhSRUVEakFNZ2dwcmRXSmxjbTVsZEdWek1BMEdDU3FHU0liM0RRRUJDd1VBQTRJQkFRQzVTRjFneXUxWQpHTlN2cDRtcTZwb3FmWmp5dFVhME5EVFpVeDdUNUI4cHkrTiszbkRtSThTSzVpM24wWjRwYnZVSXc4c2dzajJPCnR5UGtuOXlYU1VpTFhKWkRlTmwrMG9tU3MrTDZZeDc3SUVidFNBb3paa2lWSTdEL2lyVnlvSlJwRXJoSWNidVkKUzJnc0VaV0lkeWxsSzM1R3lHdzBZci9EcFNNV2Z3UmFyL0sxRm5Gek5uMkRJTnp3YlFFM2VNTkhLeHJyKzB2VwoxWUwwcGVyUFpaYTNNU2ozaVhDUFhscTZFUEpaQnZtU25tTGlYczNFcVdJWmZhTExkd3YzTUp0RWtoS2lYRHFICkxqY0ZyUFYrMUZ4OG1hZXpzT3B6cDJBU09uV3YxQ1RkUSsyS2s0ZHp3UFlGTkd3My8yY3dFMTlFclJiSE1VbEkKMzI3a25XMmE5ZWVhCi0tLS0tRU5EIENFUlRJRklDQVRFLS0tLS0K"
              }
            ],
            "cluster_id": null,
            "compute_config": [
              {
                "enabled": true,
                "node_pools": [
                  "general-purpose"
                ],
                "node_role_arn": "arn:aws:iam::031645893440:role/mopic_k8s_node"
              }
            ],
            "created_at": "2025-06-04T13:07:24Z",
            "enabled_cluster_log_types": [],
            "encryption_config": [],
            "endpoint": "https://1972CEC066AAFA154736F1709A02AD26.gr7.eu-north-1.eks.amazonaws.com",
            "force_update_version": null,
            "id": "mopic_k8s",
            "identity": [
              {
                "oidc": [
                  {
                    "issuer": "https://oidc.eks.eu-north-1.amazonaws.com/id/1972CEC066AAFA154736F1709A02AD26"
                  }
                ]
              }
            ],
            "kubernetes_network_config": [
              {
                "elastic_load_balancing": [
                  {
                    "enabled": true
                  }
                ],
                "ip_family": "ipv4",
                "service_ipv4_cidr": "10.100.0.0/16",
                "service_ipv6_cidr": ""
              }
            ],
            "name": "mopic_k8s",
            "outpost_config": [],
            "platform_version": "eks.11",
            "remote_network_config": [],
            "role_arn": "arn:aws:iam::031645893440:role/mopic_k8s_cluster",
            "status": "ACTIVE",
            "storage_config": [
              {
                "block_storage": [
                  {
                    "enabled": true
                  }
                ]
              }
            ],
            "tags": {},
            "tags_all": {},
            "timeouts": null,
            "upgrade_policy": [
              {
                "support_type": "EXTENDED"
              }
            ],
            "version": "1.32",
            "vpc_config": [
              {
                "cluster_security_group_id": "sg-0e386fe967a057ef4",
                "endpoint_private_access": true,
                "endpoint_public_access": true,
                "public_access_cidrs": [
                  "0.0.0.0/0"
                ],
                "security_group_ids": [],
                "subnet_ids": [
                  "subnet-025b0f2432817e23c",
                  "subnet-029b8eb5c664abc70",
                  "subnet-08086e1b68e2079a3"
                ],
                "vpc_id": "vpc-05c60c9c7384cfac9"
              }
            ],
            "zonal_shift_config": []
          },
          "sensitive_attributes": [],
          "identity_schema_version": 0,
          "private": "eyJlMmJmYjczMC1lY2FhLTExZTYtOGY4OC0zNDM2M2JjN2M0YzAiOnsiY3JlYXRlIjoxODAwMDAwMDAwMDAwLCJkZWxldGUiOjkwMDAwMDAwMDAwMCwidXBkYXRlIjozNjAwMDAwMDAwMDAwfSwic2NoZW1hX3ZlcnNpb24iOiIxIn0=",
          "dependencies": [
            "aws_iam_role.mopic_k8s_cluster",
            "aws_iam_role.mopic_k8s_node",
            "aws_iam_role_policy_attachment.mopic_k8s_cluster_AmazonEKSBlockStoragePolicy",
            "aws_iam_role_policy_attachment.mopic_k8s_cluster_AmazonEKSClusterPolicy",
            "aws_iam_role_policy_attachment.mopic_k8s_cluster_AmazonEKSComputePolicy",
            "aws_iam_role_policy_attachment.mopic_k8s_cluster_AmazonEKSLoadBalancingPolicy",
            "aws_iam_role_policy_attachment.mopic_k8s_cluster_AmazonEKSNetworkingPolicy",
            "data.aws_subnets.default_subnets"
          ]
        }
      ]
    },
    {
      "mode": "managed",
      "type": "aws_iam_role",
      "name": "mopic_k8s_cluster",
      "provider": "provider[\"registry.terraform.io/hashicorp/aws\"]",
      "instances": [
        {
          "schema_version": 0,
          "attributes": {
            "arn": "arn:aws:iam::031645893440:role/mopic_k8s_cluster",
            "assume_role_policy": "{\"Statement\":[{\"Action\":[\"sts:AssumeRole\",\"sts:TagSession\"],\"Effect\":\"Allow\",\"Principal\":{\"Service\":\"eks.amazonaws.com\"}}],\"Version\":\"2012-10-17\"}",
            "create_date": "2025-06-03T08:18:17Z",
            "description": "",
            "force_detach_policies": false,
            "id": "mopic_k8s_cluster",
            "inline_policy": [],
            "managed_policy_arns": [
              "arn:aws:iam::aws:policy/AmazonEKSBlockStoragePolicy",
              "arn:aws:iam::aws:policy/AmazonEKSClusterPolicy",
              "arn:aws:iam::aws:policy/AmazonEKSComputePolicy",
              "arn:aws:iam::aws:policy/AmazonEKSLoadBalancingPolicy",
              "arn:aws:iam::aws:policy/AmazonEKSNetworkingPolicy"
            ],
            "max_session_duration": 3600,
            "name": "mopic_k8s_cluster",
            "name_prefix": "",
            "path": "/",
            "permissions_boundary": "",
            "tags": {},
            "tags_all": {},
            "unique_id": "AROAQOXR6ANACNHIFWAQ5"
          },
          "sensitive_attributes": [],
          "identity_schema_version": 0,
          "private": "bnVsbA=="
        }
      ]
    },
    {
      "mode": "managed",
      "type": "aws_iam_role",
      "name": "mopic_k8s_node",
      "provider": "provider[\"registry.terraform.io/hashicorp/aws\"]",
      "instances": [
        {
          "schema_version": 0,
          "attributes": {
            "arn": "arn:aws:iam::031645893440:role/mopic_k8s_node",
            "assume_role_policy": "{\"Statement\":[{\"Action\":[\"sts:AssumeRole\"],\"Effect\":\"Allow\",\"Principal\":{\"Service\":\"ec2.amazonaws.com\"}}],\"Version\":\"2012-10-17\"}",
            "create_date": "2025-06-03T08:18:17Z",
            "description": "",
            "force_detach_policies": false,
            "id": "mopic_k8s_node",
            "inline_policy": [],
            "managed_policy_arns": [
              "arn:aws:iam::aws:policy/AmazonEC2ContainerRegistryPullOnly",
              "arn:aws:iam::aws:policy/AmazonEKSWorkerNodeMinimalPolicy"
            ],
            "max_session_duration": 3600,
            "name": "mopic_k8s_node",
            "name_prefix": "",
            "path": "/",
            "permissions_boundary": "",
            "tags": {},
            "tags_all": {},
            "unique_id": "AROAQOXR6ANAMECZYMDWX"
          },
          "sensitive_attributes": [],
          "identity_schema_version": 0,
          "private": "bnVsbA=="
        }
      ]
    },
    {
      "mode": "managed",
      "type": "aws_iam_role_policy_attachment",
      "name": "mopic_k8s_cluster_AmazonEKSBlockStoragePolicy",
      "provider": "provider[\"registry.terraform.io/hashicorp/aws\"]",
      "instances": [
        {
          "schema_version": 0,
          "attributes": {
            "id": "mopic_k8s_cluster-20250603081819966500000006",
            "policy_arn": "arn:aws:iam::aws:policy/AmazonEKSBlockStoragePolicy",
            "role": "mopic_k8s_cluster"
          },
          "sensitive_attributes": [],
          "identity_schema_version": 0,
          "private": "bnVsbA==",
          "dependencies": [
            "aws_iam_role.mopic_k8s_cluster"
          ]
        }
      ]
    },
    {
      "mode": "managed",
      "type": "aws_iam_role_policy_attachment",
      "name": "mopic_k8s_cluster_AmazonEKSClusterPolicy",
      "provider": "provider[\"registry.terraform.io/hashicorp/aws\"]",
      "instances": [
        {
          "schema_version": 0,
          "attributes": {
            "id": "mopic_k8s_cluster-20250603081819615200000003",
            "policy_arn": "arn:aws:iam::aws:policy/AmazonEKSClusterPolicy",
            "role": "mopic_k8s_cluster"
          },
          "sensitive_attributes": [],
          "identity_schema_version": 0,
          "private": "bnVsbA==",
          "dependencies": [
            "aws_iam_role.mopic_k8s_cluster"
          ]
        }
      ]
    },
    {
      "mode": "managed",
      "type": "aws_iam_role_policy_attachment",
      "name": "mopic_k8s_cluster_AmazonEKSComputePolicy",
      "provider": "provider[\"registry.terraform.io/hashicorp/aws\"]",
      "instances": [
        {
          "schema_version": 0,
          "attributes": {
            "id": "mopic_k8s_cluster-20250603081820231200000007",
            "policy_arn": "arn:aws:iam::aws:policy/AmazonEKSComputePolicy",
            "role": "mopic_k8s_cluster"
          },
          "sensitive_attributes": [],
          "identity_schema_version": 0,
          "private": "bnVsbA==",
          "dependencies": [
            "aws_iam_role.mopic_k8s_cluster"
          ]
        }
      ]
    },
    {
      "mode": "managed",
      "type": "aws_iam_role_policy_attachment",
      "name": "mopic_k8s_cluster_AmazonEKSLoadBalancingPolicy",
      "provider": "provider[\"registry.terraform.io/hashicorp/aws\"]",
      "instances": [
        {
          "schema_version": 0,
          "attributes": {
            "id": "mopic_k8s_cluster-20250603081819924800000005",
            "policy_arn": "arn:aws:iam::aws:policy/AmazonEKSLoadBalancingPolicy",
            "role": "mopic_k8s_cluster"
          },
          "sensitive_attributes": [],
          "identity_schema_version": 0,
          "private": "bnVsbA==",
          "dependencies": [
            "aws_iam_role.mopic_k8s_cluster"
          ]
        }
      ]
    },
    {
      "mode": "managed",
      "type": "aws_iam_role_policy_attachment",
      "name": "mopic_k8s_cluster_AmazonEKSNetworkingPolicy",
      "provider": "provider[\"registry.terraform.io/hashicorp/aws\"]",
      "instances": [
        {
          "schema_version": 0,
          "attributes": {
            "id": "mopic_k8s_cluster-20250603081819303600000001",
            "policy_arn": "arn:aws:iam::aws:policy/AmazonEKSNetworkingPolicy",
            "role": "mopic_k8s_cluster"
          },
          "sensitive_attributes": [],
          "identity_schema_version": 0,
          "private": "bnVsbA==",
          "dependencies": [
            "aws_iam_role.mopic_k8s_cluster"
          ]
        }
      ]
    }
  ],
  "check_results": null
}
