{
  "version": 4,
  "terraform_version": "1.12.0",
  "serial": 383,
  "lineage": "bbc0b026-e31b-ed8a-5a21-b867097365f8",
  "outputs": {},
  "resources": [
    {
      "mode": "data",
      "type": "aws_subnets",
      "name": "default_subnets",
      "provider": "provider[\"registry.terraform.io/hashicorp/aws\"]",
      "instances": [
        {
          "schema_version": 0,
          "attributes": {
            "filter": [
              {
                "name": "availability-zone",
                "values": [
                  "eu-north-1a",
                  "eu-north-1b",
                  "eu-north-1c"
                ]
              },
              {
                "name": "vpc-id",
                "values": [
                  "vpc-05c60c9c7384cfac9"
                ]
              }
            ],
            "id": "eu-north-1",
            "ids": [
              "subnet-029b8eb5c664abc70",
              "subnet-025b0f2432817e23c",
              "subnet-08086e1b68e2079a3"
            ],
            "tags": null,
            "timeouts": null
          },
          "sensitive_attributes": [],
          "identity_schema_version": 0
        }
      ]
    },
    {
      "mode": "managed",
      "type": "aws_eks_cluster",
      "name": "mopic_k8s",
      "provider": "provider[\"registry.terraform.io/hashicorp/aws\"]",
      "instances": [
        {
          "schema_version": 1,
          "attributes": {
            "access_config": [
              {
                "authentication_mode": "API_AND_CONFIG_MAP",
                "bootstrap_cluster_creator_admin_permissions": true
              }
            ],
            "arn": "arn:aws:eks:eu-north-1:031645893440:cluster/mopic_k8s",
            "bootstrap_self_managed_addons": false,
            "certificate_authority": [
              {
                "data": "LS0tLS1CRUdJTiBDRVJUSUZJQ0FURS0tLS0tCk1JSURCVENDQWUyZ0F3SUJBZ0lJV0lGNE9iTkJ5VzR3RFFZSktvWklodmNOQVFFTEJRQXdGVEVUTUJFR0ExVUUKQXhNS2EzVmlaWEp1WlhSbGN6QWVGdzB5TlRBMU1qY3dPVEk0TURCYUZ3MHpOVEExTWpVd09UTXpNREJhTUJVeApFekFSQmdOVkJBTVRDbXQxWW1WeWJtVjBaWE13Z2dFaU1BMEdDU3FHU0liM0RRRUJBUVVBQTRJQkR3QXdnZ0VLCkFvSUJBUUMzUDc4Z2gxOTI0ekl5anEram0xVFBKTU52RW9mNTg3M1RHck1ETEQ5T3pETTMrb2VhYVdqYVVIRHkKN2lLeStPaG1VdFpDZit2T0sxd2dpM2FYN0VQTWhOMmtWWERSc1hFcElzckxvU2lkaFk3TDZZSkpLMGtSSzVpbQorTm1PbXAxZ2V2blg5Vm11eVFuWWI4ZzZkUXRsSHp4YngrS0FXWWEzNCtvbjcxeXBvSCtYbmtPUkhXZDFhSnA1CjhYQ0QzS0Z3UFFRY1htNzdWZ3REVTE4OHpJR3kySzJ4c000c3NkSlBGNnU0dEhVQWQ4TFFKMVB4ak11RHJjMGsKcHhkUEZJaXZmRFUxUVVkQWhIaVE1WUI3NllldnladVJRRUQzQVpkOW5jYjNZdzNXRmZ0MzhDZmJyUjRKNjU5UwpOM2J1NHVHM29rZW5keHJESE92Q3dhdW8wbXpaQWdNQkFBR2pXVEJYTUE0R0ExVWREd0VCL3dRRUF3SUNwREFQCkJnTlZIUk1CQWY4RUJUQURBUUgvTUIwR0ExVWREZ1FXQkJSL3Rxc3ZweFJhUmVBajZOVXY1UC9xTFF3M2hUQVYKQmdOVkhSRUVEakFNZ2dwcmRXSmxjbTVsZEdWek1BMEdDU3FHU0liM0RRRUJDd1VBQTRJQkFRQ3VtYTdiQXQrRwp0Q21OUEZNVXRyNHRuVG4rblVYT0ZHYXhsVE9rR0lHSVNlZXFtWVM0c01vNmZpZU55d1RCYzdNalVSTXpJby9RCmdTREFyYVVXaTJtL0ladGR4ZW1EbHZDakR1V001Tnp1WVBNRExrZmdSK09ZSjlxNlFKK0tRcTBYQnB3S243SWcKaERhNzRLWFc4YW1mQ0o0bFRaOUppT0h5VWs4NmZxRnQrbGdmemNtdDlldXpDRmp4QXpkNEpocnI1aG1hQTl5YQpVWkE0eXBKVThxVFRmek5jVzNmczhyNnBLNmNnVDVzNkVhUUhxSnhyK3FMeXoxYkZ1TFNEZ05IN3dGUC9jSGM2CkJFSnVKa1cvNXkvbzRkbmsxcUNsSEtSeTdVeUhJU3g0R3JJU0ZyWWgyeGoyMXNoWWJwTXR0SHRjbGR2ODlNYjkKN1hiTk5UYXhYZStmCi0tLS0tRU5EIENFUlRJRklDQVRFLS0tLS0K"
              }
            ],
            "cluster_id": null,
            "compute_config": [
              {
                "enabled": true,
                "node_pools": [
                  "general-purpose"
                ],
                "node_role_arn": "arn:aws:iam::031645893440:role/mopic_k8s_node"
              }
            ],
            "created_at": "2025-05-27T09:28:43Z",
            "enabled_cluster_log_types": [],
            "encryption_config": [],
            "endpoint": "https://9C160791E78E44B3A61D2C7739A6FB4B.gr7.eu-north-1.eks.amazonaws.com",
            "force_update_version": null,
            "id": "mopic_k8s",
            "identity": [
              {
                "oidc": [
                  {
                    "issuer": "https://oidc.eks.eu-north-1.amazonaws.com/id/9C160791E78E44B3A61D2C7739A6FB4B"
                  }
                ]
              }
            ],
            "kubernetes_network_config": [
              {
                "elastic_load_balancing": [
                  {
                    "enabled": true
                  }
                ],
                "ip_family": "ipv4",
                "service_ipv4_cidr": "10.100.0.0/16",
                "service_ipv6_cidr": ""
              }
            ],
            "name": "mopic_k8s",
            "outpost_config": [],
            "platform_version": "eks.10",
            "remote_network_config": [],
            "role_arn": "arn:aws:iam::031645893440:role/mopic_k8s_cluster",
            "status": "ACTIVE",
            "storage_config": [
              {
                "block_storage": [
                  {
                    "enabled": true
                  }
                ]
              }
            ],
            "tags": {},
            "tags_all": {},
            "timeouts": null,
            "upgrade_policy": [
              {
                "support_type": "EXTENDED"
              }
            ],
            "version": "1.32",
            "vpc_config": [
              {
                "cluster_security_group_id": "sg-0c06589f7e2975d89",
                "endpoint_private_access": true,
                "endpoint_public_access": true,
                "public_access_cidrs": [
                  "0.0.0.0/0"
                ],
                "security_group_ids": [],
                "subnet_ids": [
                  "subnet-025b0f2432817e23c",
                  "subnet-029b8eb5c664abc70",
                  "subnet-08086e1b68e2079a3"
                ],
                "vpc_id": "vpc-05c60c9c7384cfac9"
              }
            ],
            "zonal_shift_config": []
          },
          "sensitive_attributes": [],
          "identity_schema_version": 0,
          "private": "eyJlMmJmYjczMC1lY2FhLTExZTYtOGY4OC0zNDM2M2JjN2M0YzAiOnsiY3JlYXRlIjoxODAwMDAwMDAwMDAwLCJkZWxldGUiOjkwMDAwMDAwMDAwMCwidXBkYXRlIjozNjAwMDAwMDAwMDAwfSwic2NoZW1hX3ZlcnNpb24iOiIxIn0=",
          "dependencies": [
            "aws_iam_role.mopic_k8s_cluster",
            "aws_iam_role.mopic_k8s_node",
            "aws_iam_role_policy_attachment.mopic_k8s_cluster_AmazonEKSBlockStoragePolicy",
            "aws_iam_role_policy_attachment.mopic_k8s_cluster_AmazonEKSClusterPolicy",
            "aws_iam_role_policy_attachment.mopic_k8s_cluster_AmazonEKSComputePolicy",
            "aws_iam_role_policy_attachment.mopic_k8s_cluster_AmazonEKSLoadBalancingPolicy",
            "aws_iam_role_policy_attachment.mopic_k8s_cluster_AmazonEKSNetworkingPolicy",
            "data.aws_subnets.default_subnets"
          ]
        }
      ]
    },
    {
      "mode": "managed",
      "type": "aws_iam_role",
      "name": "mopic_k8s_cluster",
      "provider": "provider[\"registry.terraform.io/hashicorp/aws\"]",
      "instances": [
        {
          "schema_version": 0,
          "attributes": {
            "arn": "arn:aws:iam::031645893440:role/mopic_k8s_cluster",
            "assume_role_policy": "{\"Statement\":[{\"Action\":[\"sts:AssumeRole\",\"sts:TagSession\"],\"Effect\":\"Allow\",\"Principal\":{\"Service\":\"eks.amazonaws.com\"}}],\"Version\":\"2012-10-17\"}",
            "create_date": "2025-05-27T09:28:35Z",
            "description": "",
            "force_detach_policies": false,
            "id": "mopic_k8s_cluster",
            "inline_policy": [],
            "managed_policy_arns": [
              "arn:aws:iam::aws:policy/AmazonEKSBlockStoragePolicy",
              "arn:aws:iam::aws:policy/AmazonEKSClusterPolicy",
              "arn:aws:iam::aws:policy/AmazonEKSComputePolicy",
              "arn:aws:iam::aws:policy/AmazonEKSLoadBalancingPolicy",
              "arn:aws:iam::aws:policy/AmazonEKSNetworkingPolicy"
            ],
            "max_session_duration": 3600,
            "name": "mopic_k8s_cluster",
            "name_prefix": "",
            "path": "/",
            "permissions_boundary": "",
            "tags": {},
            "tags_all": {},
            "unique_id": "AROAQOXR6ANAL6MUJHFGG"
          },
          "sensitive_attributes": [],
          "identity_schema_version": 0,
          "private": "bnVsbA=="
        }
      ]
    },
    {
      "mode": "managed",
      "type": "aws_iam_role",
      "name": "mopic_k8s_node",
      "provider": "provider[\"registry.terraform.io/hashicorp/aws\"]",
      "instances": [
        {
          "schema_version": 0,
          "attributes": {
            "arn": "arn:aws:iam::031645893440:role/mopic_k8s_node",
            "assume_role_policy": "{\"Statement\":[{\"Action\":[\"sts:AssumeRole\"],\"Effect\":\"Allow\",\"Principal\":{\"Service\":\"ec2.amazonaws.com\"}}],\"Version\":\"2012-10-17\"}",
            "create_date": "2025-05-27T09:28:35Z",
            "description": "",
            "force_detach_policies": false,
            "id": "mopic_k8s_node",
            "inline_policy": [],
            "managed_policy_arns": [
              "arn:aws:iam::aws:policy/AmazonEC2ContainerRegistryPullOnly",
              "arn:aws:iam::aws:policy/AmazonEKSWorkerNodeMinimalPolicy"
            ],
            "max_session_duration": 3600,
            "name": "mopic_k8s_node",
            "name_prefix": "",
            "path": "/",
            "permissions_boundary": "",
            "tags": {},
            "tags_all": {},
            "unique_id": "AROAQOXR6ANADLNUSKF7R"
          },
          "sensitive_attributes": [],
          "identity_schema_version": 0,
          "private": "bnVsbA=="
        }
      ]
    },
    {
      "mode": "managed",
      "type": "aws_iam_role_policy_attachment",
      "name": "mopic_k8s_cluster_AmazonEKSBlockStoragePolicy",
      "provider": "provider[\"registry.terraform.io/hashicorp/aws\"]",
      "instances": [
        {
          "schema_version": 0,
          "attributes": {
            "id": "mopic_k8s_cluster-20250527092837463400000005",
            "policy_arn": "arn:aws:iam::aws:policy/AmazonEKSBlockStoragePolicy",
            "role": "mopic_k8s_cluster"
          },
          "sensitive_attributes": [],
          "identity_schema_version": 0,
          "private": "bnVsbA==",
          "dependencies": [
            "aws_iam_role.mopic_k8s_cluster"
          ]
        }
      ]
    },
    {
      "mode": "managed",
      "type": "aws_iam_role_policy_attachment",
      "name": "mopic_k8s_cluster_AmazonEKSClusterPolicy",
      "provider": "provider[\"registry.terraform.io/hashicorp/aws\"]",
      "instances": [
        {
          "schema_version": 0,
          "attributes": {
            "id": "mopic_k8s_cluster-20250527092837509900000006",
            "policy_arn": "arn:aws:iam::aws:policy/AmazonEKSClusterPolicy",
            "role": "mopic_k8s_cluster"
          },
          "sensitive_attributes": [],
          "identity_schema_version": 0,
          "private": "bnVsbA==",
          "dependencies": [
            "aws_iam_role.mopic_k8s_cluster"
          ]
        }
      ]
    },
    {
      "mode": "managed",
      "type": "aws_iam_role_policy_attachment",
      "name": "mopic_k8s_cluster_AmazonEKSComputePolicy",
      "provider": "provider[\"registry.terraform.io/hashicorp/aws\"]",
      "instances": [
        {
          "schema_version": 0,
          "attributes": {
            "id": "mopic_k8s_cluster-20250527092837455000000004",
            "policy_arn": "arn:aws:iam::aws:policy/AmazonEKSComputePolicy",
            "role": "mopic_k8s_cluster"
          },
          "sensitive_attributes": [],
          "identity_schema_version": 0,
          "private": "bnVsbA==",
          "dependencies": [
            "aws_iam_role.mopic_k8s_cluster"
          ]
        }
      ]
    },
    {
      "mode": "managed",
      "type": "aws_iam_role_policy_attachment",
      "name": "mopic_k8s_cluster_AmazonEKSLoadBalancingPolicy",
      "provider": "provider[\"registry.terraform.io/hashicorp/aws\"]",
      "instances": [
        {
          "schema_version": 0,
          "attributes": {
            "id": "mopic_k8s_cluster-20250527092837155800000002",
            "policy_arn": "arn:aws:iam::aws:policy/AmazonEKSLoadBalancingPolicy",
            "role": "mopic_k8s_cluster"
          },
          "sensitive_attributes": [],
          "identity_schema_version": 0,
          "private": "bnVsbA==",
          "dependencies": [
            "aws_iam_role.mopic_k8s_cluster"
          ]
        }
      ]
    },
    {
      "mode": "managed",
      "type": "aws_iam_role_policy_attachment",
      "name": "mopic_k8s_cluster_AmazonEKSNetworkingPolicy",
      "provider": "provider[\"registry.terraform.io/hashicorp/aws\"]",
      "instances": [
        {
          "schema_version": 0,
          "attributes": {
            "id": "mopic_k8s_cluster-20250527092837762500000007",
            "policy_arn": "arn:aws:iam::aws:policy/AmazonEKSNetworkingPolicy",
            "role": "mopic_k8s_cluster"
          },
          "sensitive_attributes": [],
          "identity_schema_version": 0,
          "private": "bnVsbA==",
          "dependencies": [
            "aws_iam_role.mopic_k8s_cluster"
          ]
        }
      ]
    }
  ],
  "check_results": null
}
